// !$*UTF8*$!
{
	archiveVersion = 1;
	classes = {
	};
	objectVersion = 54;
	objects = {

/* Begin PBXBuildFile section */
		0CA5119CC391F946766CE613 /* Pods_myIMDB.framework in Frameworks */ = {isa = PBXBuildFile; fileRef = C2D0F49CC0B263D3EA9D9151 /* Pods_myIMDB.framework */; };
		E82B105B2AE0605A00944071 /* Info.swift in Sources */ = {isa = PBXBuildFile; fileRef = E82B105A2AE0605A00944071 /* Info.swift */; };
		E85CADDC2AE058ED00E85763 /* AppDelegate.swift in Sources */ = {isa = PBXBuildFile; fileRef = E85CADDB2AE058ED00E85763 /* AppDelegate.swift */; };
		E85CADDE2AE058ED00E85763 /* SceneDelegate.swift in Sources */ = {isa = PBXBuildFile; fileRef = E85CADDD2AE058ED00E85763 /* SceneDelegate.swift */; };
		E85CADE02AE058ED00E85763 /* MainViewController.swift in Sources */ = {isa = PBXBuildFile; fileRef = E85CADDF2AE058ED00E85763 /* MainViewController.swift */; };
		E85CADE32AE058ED00E85763 /* Main.storyboard in Resources */ = {isa = PBXBuildFile; fileRef = E85CADE12AE058ED00E85763 /* Main.storyboard */; };
		E85CADE52AE058EE00E85763 /* Assets.xcassets in Resources */ = {isa = PBXBuildFile; fileRef = E85CADE42AE058EE00E85763 /* Assets.xcassets */; };
		E85CADE82AE058EE00E85763 /* LaunchScreen.storyboard in Resources */ = {isa = PBXBuildFile; fileRef = E85CADE62AE058EE00E85763 /* LaunchScreen.storyboard */; };
		E87ABFF42AE05DD6004FB6CF /* MenuEntry.swift in Sources */ = {isa = PBXBuildFile; fileRef = E87ABFF32AE05DD6004FB6CF /* MenuEntry.swift */; };
		E87ABFF92AE05E0C004FB6CF /* CenterViewController.swift in Sources */ = {isa = PBXBuildFile; fileRef = E87ABFF52AE05E0C004FB6CF /* CenterViewController.swift */; };
		E87ABFFA2AE05E0C004FB6CF /* CenterViewController.xib in Resources */ = {isa = PBXBuildFile; fileRef = E87ABFF62AE05E0C004FB6CF /* CenterViewController.xib */; };
		E87ABFFB2AE05E0C004FB6CF /* LeftViewController.swift in Sources */ = {isa = PBXBuildFile; fileRef = E87ABFF72AE05E0C004FB6CF /* LeftViewController.swift */; };
		E87ABFFC2AE05E0C004FB6CF /* LeftViewController.xib in Resources */ = {isa = PBXBuildFile; fileRef = E87ABFF82AE05E0C004FB6CF /* LeftViewController.xib */; };
		E87AC0032AE05EAE004FB6CF /* StringValueTableViewCell.xib in Resources */ = {isa = PBXBuildFile; fileRef = E87ABFFD2AE05EAE004FB6CF /* StringValueTableViewCell.xib */; };
		E87AC0042AE05EAE004FB6CF /* LongTextTableViewCell.swift in Sources */ = {isa = PBXBuildFile; fileRef = E87ABFFE2AE05EAE004FB6CF /* LongTextTableViewCell.swift */; };
		E87AC0052AE05EAE004FB6CF /* LinkTableViewCell.swift in Sources */ = {isa = PBXBuildFile; fileRef = E87ABFFF2AE05EAE004FB6CF /* LinkTableViewCell.swift */; };
		E87AC0062AE05EAE004FB6CF /* LinkTableViewCell.xib in Resources */ = {isa = PBXBuildFile; fileRef = E87AC0002AE05EAE004FB6CF /* LinkTableViewCell.xib */; };
		E87AC0072AE05EAE004FB6CF /* LongTextTableViewCell.xib in Resources */ = {isa = PBXBuildFile; fileRef = E87AC0012AE05EAE004FB6CF /* LongTextTableViewCell.xib */; };
		E87AC0082AE05EAE004FB6CF /* StringValueTableViewCell.swift in Sources */ = {isa = PBXBuildFile; fileRef = E87AC0022AE05EAE004FB6CF /* StringValueTableViewCell.swift */; };
		E87AC00E2AE05EFB004FB6CF /* UITableViewCell.swift in Sources */ = {isa = PBXBuildFile; fileRef = E87AC0092AE05EFA004FB6CF /* UITableViewCell.swift */; };
		E87AC00F2AE05EFB004FB6CF /* Formatter.swift in Sources */ = {isa = PBXBuildFile; fileRef = E87AC00A2AE05EFB004FB6CF /* Formatter.swift */; };
		E87AC0102AE05EFB004FB6CF /* Int.swift in Sources */ = {isa = PBXBuildFile; fileRef = E87AC00B2AE05EFB004FB6CF /* Int.swift */; };
		E87AC0112AE05EFB004FB6CF /* String.swift in Sources */ = {isa = PBXBuildFile; fileRef = E87AC00C2AE05EFB004FB6CF /* String.swift */; };
		E87AC0122AE05EFB004FB6CF /* UINavigationController.swift in Sources */ = {isa = PBXBuildFile; fileRef = E87AC00D2AE05EFB004FB6CF /* UINavigationController.swift */; };
		E87AC0142AE05F14004FB6CF /* HttpClient.swift in Sources */ = {isa = PBXBuildFile; fileRef = E87AC0132AE05F14004FB6CF /* HttpClient.swift */; };
		E87AC01C2AE05F22004FB6CF /* Planet.swift in Sources */ = {isa = PBXBuildFile; fileRef = E87AC0152AE05F22004FB6CF /* Planet.swift */; };
		E87AC01D2AE05F22004FB6CF /* Species.swift in Sources */ = {isa = PBXBuildFile; fileRef = E87AC0162AE05F22004FB6CF /* Species.swift */; };
		E87AC01E2AE05F22004FB6CF /* Vehicle.swift in Sources */ = {isa = PBXBuildFile; fileRef = E87AC0172AE05F22004FB6CF /* Vehicle.swift */; };
		E87AC01F2AE05F22004FB6CF /* Character.swift in Sources */ = {isa = PBXBuildFile; fileRef = E87AC0182AE05F22004FB6CF /* Character.swift */; };
		E87AC0202AE05F22004FB6CF /* Film.swift in Sources */ = {isa = PBXBuildFile; fileRef = E87AC0192AE05F22004FB6CF /* Film.swift */; };
		E87AC0212AE05F22004FB6CF /* Starship.swift in Sources */ = {isa = PBXBuildFile; fileRef = E87AC01A2AE05F22004FB6CF /* Starship.swift */; };
		E87AC0222AE05F22004FB6CF /* BaseModel.swift in Sources */ = {isa = PBXBuildFile; fileRef = E87AC01B2AE05F22004FB6CF /* BaseModel.swift */; };
		E87AC0292AE05F31004FB6CF /* PlanetProvider.swift in Sources */ = {isa = PBXBuildFile; fileRef = E87AC0232AE05F31004FB6CF /* PlanetProvider.swift */; };
		E87AC02A2AE05F31004FB6CF /* SpeciesProvider.swift in Sources */ = {isa = PBXBuildFile; fileRef = E87AC0242AE05F31004FB6CF /* SpeciesProvider.swift */; };
		E87AC02B2AE05F31004FB6CF /* StarshipProvider.swift in Sources */ = {isa = PBXBuildFile; fileRef = E87AC0252AE05F31004FB6CF /* StarshipProvider.swift */; };
		E87AC02C2AE05F31004FB6CF /* VehicleProvider.swift in Sources */ = {isa = PBXBuildFile; fileRef = E87AC0262AE05F31004FB6CF /* VehicleProvider.swift */; };
		E87AC02D2AE05F31004FB6CF /* CharacterProvider.swift in Sources */ = {isa = PBXBuildFile; fileRef = E87AC0272AE05F31004FB6CF /* CharacterProvider.swift */; };
		E87AC02E2AE05F31004FB6CF /* FilmProvider.swift in Sources */ = {isa = PBXBuildFile; fileRef = E87AC0282AE05F31004FB6CF /* FilmProvider.swift */; };
		E87AC0532AE05F52004FB6CF /* CharacterListViewController.swift in Sources */ = {isa = PBXBuildFile; fileRef = E87AC0302AE05F52004FB6CF /* CharacterListViewController.swift */; };
		E87AC0542AE05F52004FB6CF /* CharacterDetailViewController.swift in Sources */ = {isa = PBXBuildFile; fileRef = E87AC0312AE05F52004FB6CF /* CharacterDetailViewController.swift */; };
		E87AC0552AE05F52004FB6CF /* CharacterDetailType.swift in Sources */ = {isa = PBXBuildFile; fileRef = E87AC0322AE05F52004FB6CF /* CharacterDetailType.swift */; };
		E87AC0562AE05F52004FB6CF /* CharacterDetailViewController.xib in Resources */ = {isa = PBXBuildFile; fileRef = E87AC0332AE05F52004FB6CF /* CharacterDetailViewController.xib */; };
		E87AC0572AE05F52004FB6CF /* CharacterListViewController.xib in Resources */ = {isa = PBXBuildFile; fileRef = E87AC0342AE05F52004FB6CF /* CharacterListViewController.xib */; };
		E87AC0582AE05F52004FB6CF /* PlanetDetailsViewController.xib in Resources */ = {isa = PBXBuildFile; fileRef = E87AC0362AE05F52004FB6CF /* PlanetDetailsViewController.xib */; };
		E87AC0592AE05F52004FB6CF /* PlanetListViewController.xib in Resources */ = {isa = PBXBuildFile; fileRef = E87AC0372AE05F52004FB6CF /* PlanetListViewController.xib */; };
		E87AC05A2AE05F52004FB6CF /* PlanetListViewController.swift in Sources */ = {isa = PBXBuildFile; fileRef = E87AC0382AE05F52004FB6CF /* PlanetListViewController.swift */; };
		E87AC05B2AE05F52004FB6CF /* PlanetDetailType.swift in Sources */ = {isa = PBXBuildFile; fileRef = E87AC0392AE05F52004FB6CF /* PlanetDetailType.swift */; };
		E87AC05C2AE05F52004FB6CF /* PlanetDetailsViewController.swift in Sources */ = {isa = PBXBuildFile; fileRef = E87AC03A2AE05F52004FB6CF /* PlanetDetailsViewController.swift */; };
		E87AC05D2AE05F52004FB6CF /* FilmDetailType.swift in Sources */ = {isa = PBXBuildFile; fileRef = E87AC03C2AE05F52004FB6CF /* FilmDetailType.swift */; };
		E87AC05E2AE05F52004FB6CF /* FilmListViewController.swift in Sources */ = {isa = PBXBuildFile; fileRef = E87AC03D2AE05F52004FB6CF /* FilmListViewController.swift */; };
		E87AC05F2AE05F52004FB6CF /* FilmListViewController.xib in Resources */ = {isa = PBXBuildFile; fileRef = E87AC03E2AE05F52004FB6CF /* FilmListViewController.xib */; };
		E87AC0602AE05F52004FB6CF /* FilmDetailViewController.xib in Resources */ = {isa = PBXBuildFile; fileRef = E87AC03F2AE05F52004FB6CF /* FilmDetailViewController.xib */; };
		E87AC0612AE05F52004FB6CF /* FilmDetailViewController.swift in Sources */ = {isa = PBXBuildFile; fileRef = E87AC0402AE05F52004FB6CF /* FilmDetailViewController.swift */; };
		E87AC0622AE05F52004FB6CF /* SpeciesListViewController.swift in Sources */ = {isa = PBXBuildFile; fileRef = E87AC0422AE05F52004FB6CF /* SpeciesListViewController.swift */; };
		E87AC0632AE05F52004FB6CF /* SpeciesListViewController.xib in Resources */ = {isa = PBXBuildFile; fileRef = E87AC0432AE05F52004FB6CF /* SpeciesListViewController.xib */; };
		E87AC0642AE05F52004FB6CF /* SpeciesDetailViewController.swift in Sources */ = {isa = PBXBuildFile; fileRef = E87AC0442AE05F52004FB6CF /* SpeciesDetailViewController.swift */; };
		E87AC0652AE05F52004FB6CF /* SpeciesDetailType.swift in Sources */ = {isa = PBXBuildFile; fileRef = E87AC0452AE05F52004FB6CF /* SpeciesDetailType.swift */; };
		E87AC0662AE05F52004FB6CF /* SpeciesDetailViewController.xib in Resources */ = {isa = PBXBuildFile; fileRef = E87AC0462AE05F52004FB6CF /* SpeciesDetailViewController.xib */; };
		E87AC0672AE05F52004FB6CF /* StarshipListViewController.swift in Sources */ = {isa = PBXBuildFile; fileRef = E87AC0482AE05F52004FB6CF /* StarshipListViewController.swift */; };
		E87AC0682AE05F52004FB6CF /* StarshipDetailViewController.swift in Sources */ = {isa = PBXBuildFile; fileRef = E87AC0492AE05F52004FB6CF /* StarshipDetailViewController.swift */; };
		E87AC0692AE05F52004FB6CF /* StarshipListViewController.xib in Resources */ = {isa = PBXBuildFile; fileRef = E87AC04A2AE05F52004FB6CF /* StarshipListViewController.xib */; };
		E87AC06A2AE05F52004FB6CF /* StarshipDetailViewController.xib in Resources */ = {isa = PBXBuildFile; fileRef = E87AC04B2AE05F52004FB6CF /* StarshipDetailViewController.xib */; };
		E87AC06B2AE05F52004FB6CF /* StarshipDetailType.swift in Sources */ = {isa = PBXBuildFile; fileRef = E87AC04C2AE05F52004FB6CF /* StarshipDetailType.swift */; };
		E87AC06C2AE05F52004FB6CF /* VehicleDetailType.swift in Sources */ = {isa = PBXBuildFile; fileRef = E87AC04E2AE05F52004FB6CF /* VehicleDetailType.swift */; };
		E87AC06D2AE05F52004FB6CF /* VehicleDetailViewController.xib in Resources */ = {isa = PBXBuildFile; fileRef = E87AC04F2AE05F52004FB6CF /* VehicleDetailViewController.xib */; };
		E87AC06E2AE05F52004FB6CF /* VehicleListViewController.xib in Resources */ = {isa = PBXBuildFile; fileRef = E87AC0502AE05F52004FB6CF /* VehicleListViewController.xib */; };
		E87AC06F2AE05F52004FB6CF /* VehicleListViewController.swift in Sources */ = {isa = PBXBuildFile; fileRef = E87AC0512AE05F52004FB6CF /* VehicleListViewController.swift */; };
		E87AC0702AE05F52004FB6CF /* VehicleDetailViewController.swift in Sources */ = {isa = PBXBuildFile; fileRef = E87AC0522AE05F52004FB6CF /* VehicleDetailViewController.swift */; };
		E895FE422AE12907001E2304 /* CellProvider.swift in Sources */ = {isa = PBXBuildFile; fileRef = E895FE412AE12907001E2304 /* CellProvider.swift */; };
		E895FE442AE13176001E2304 /* CellType.swift in Sources */ = {isa = PBXBuildFile; fileRef = E895FE432AE13176001E2304 /* CellType.swift */; };
		E8D8C3422AEC2556007584D7 /* baseUITests.swift in Sources */ = {isa = PBXBuildFile; fileRef = E8D8C3412AEC2556007584D7 /* baseUITests.swift */; };
		E8D8C3442AEC2556007584D7 /* myIMDBUITestsLaunchTests.swift in Sources */ = {isa = PBXBuildFile; fileRef = E8D8C3432AEC2556007584D7 /* myIMDBUITestsLaunchTests.swift */; };
		E8D8C34C2AF00523007584D7 /* films_.tail in Resources */ = {isa = PBXBuildFile; fileRef = E8D8C34B2AF00523007584D7 /* films_.tail */; };
		E8D8C34D2AF00AA5007584D7 /* films_.tail in Resources */ = {isa = PBXBuildFile; fileRef = E8D8C34B2AF00523007584D7 /* films_.tail */; };
		E8D8C34F2AF02400007584D7 /* people_2.tail in Resources */ = {isa = PBXBuildFile; fileRef = E8D8C34E2AF02400007584D7 /* people_2.tail */; };
		E8D8C3512AF02981007584D7 /* planets_1.tail in Resources */ = {isa = PBXBuildFile; fileRef = E8D8C3502AF02981007584D7 /* planets_1.tail */; };
		E8D8C3532AF02AFF007584D7 /* species_1.tail in Resources */ = {isa = PBXBuildFile; fileRef = E8D8C3522AF02AFF007584D7 /* species_1.tail */; };
		E8D8C3552AF02C09007584D7 /* starships_31.tail in Resources */ = {isa = PBXBuildFile; fileRef = E8D8C3542AF02C09007584D7 /* starships_31.tail */; };
		E8D8C3572AF02E2F007584D7 /* vehicles_33.tail in Resources */ = {isa = PBXBuildFile; fileRef = E8D8C3562AF02E2F007584D7 /* vehicles_33.tail */; };
		E8D8C35F2AF03617007584D7 /* myIMDBTests.swift in Sources */ = {isa = PBXBuildFile; fileRef = E8D8C35E2AF03617007584D7 /* myIMDBTests.swift */; };
		E8D8C3672AF0368B007584D7 /* Formatter_Test.swift in Sources */ = {isa = PBXBuildFile; fileRef = E8D8C3662AF0368B007584D7 /* Formatter_Test.swift */; };
		E8D8C3692AF03B4F007584D7 /* Int_Test.swift in Sources */ = {isa = PBXBuildFile; fileRef = E8D8C3682AF03B4F007584D7 /* Int_Test.swift */; };
		E8D8C36B2AF03D51007584D7 /* String_Test.swift in Sources */ = {isa = PBXBuildFile; fileRef = E8D8C36A2AF03D51007584D7 /* String_Test.swift */; };
		E8D8C36D2AF176DF007584D7 /* films_4.tail in Resources */ = {isa = PBXBuildFile; fileRef = E8D8C36C2AF176DF007584D7 /* films_4.tail */; };
		E8D8C3712AF1815F007584D7 /* Models_Test.swift in Sources */ = {isa = PBXBuildFile; fileRef = E8D8C3702AF1815F007584D7 /* Models_Test.swift */; };
/* End PBXBuildFile section */

/* Begin PBXContainerItemProxy section */
		E8D8C3452AEC2556007584D7 /* PBXContainerItemProxy */ = {
			isa = PBXContainerItemProxy;
			containerPortal = E85CADD02AE058ED00E85763 /* Project object */;
			proxyType = 1;
			remoteGlobalIDString = E85CADD72AE058ED00E85763;
			remoteInfo = myIMDB;
		};
		E8D8C3602AF03617007584D7 /* PBXContainerItemProxy */ = {
			isa = PBXContainerItemProxy;
			containerPortal = E85CADD02AE058ED00E85763 /* Project object */;
			proxyType = 1;
			remoteGlobalIDString = E85CADD72AE058ED00E85763;
			remoteInfo = myIMDB;
		};
/* End PBXContainerItemProxy section */

/* Begin PBXFileReference section */
		A63FF5B6ED6CB43965DD65A6 /* Pods-myIMDB.debug.xcconfig */ = {isa = PBXFileReference; includeInIndex = 1; lastKnownFileType = text.xcconfig; name = "Pods-myIMDB.debug.xcconfig"; path = "Target Support Files/Pods-myIMDB/Pods-myIMDB.debug.xcconfig"; sourceTree = "<group>"; };
		C2D0F49CC0B263D3EA9D9151 /* Pods_myIMDB.framework */ = {isa = PBXFileReference; explicitFileType = wrapper.framework; includeInIndex = 0; path = Pods_myIMDB.framework; sourceTree = BUILT_PRODUCTS_DIR; };
		E82B105A2AE0605A00944071 /* Info.swift */ = {isa = PBXFileReference; fileEncoding = 4; lastKnownFileType = sourcecode.swift; path = Info.swift; sourceTree = "<group>"; };
		E85CADD82AE058ED00E85763 /* myIMDB.app */ = {isa = PBXFileReference; explicitFileType = wrapper.application; includeInIndex = 0; path = myIMDB.app; sourceTree = BUILT_PRODUCTS_DIR; };
		E85CADDB2AE058ED00E85763 /* AppDelegate.swift */ = {isa = PBXFileReference; lastKnownFileType = sourcecode.swift; path = AppDelegate.swift; sourceTree = "<group>"; };
		E85CADDD2AE058ED00E85763 /* SceneDelegate.swift */ = {isa = PBXFileReference; lastKnownFileType = sourcecode.swift; path = SceneDelegate.swift; sourceTree = "<group>"; };
		E85CADDF2AE058ED00E85763 /* MainViewController.swift */ = {isa = PBXFileReference; lastKnownFileType = sourcecode.swift; path = MainViewController.swift; sourceTree = "<group>"; };
		E85CADE22AE058ED00E85763 /* Base */ = {isa = PBXFileReference; lastKnownFileType = file.storyboard; name = Base; path = Base.lproj/Main.storyboard; sourceTree = "<group>"; };
		E85CADE42AE058EE00E85763 /* Assets.xcassets */ = {isa = PBXFileReference; lastKnownFileType = folder.assetcatalog; path = Assets.xcassets; sourceTree = "<group>"; };
		E85CADE72AE058EE00E85763 /* Base */ = {isa = PBXFileReference; lastKnownFileType = file.storyboard; name = Base; path = Base.lproj/LaunchScreen.storyboard; sourceTree = "<group>"; };
		E85CADE92AE058EE00E85763 /* Info.plist */ = {isa = PBXFileReference; lastKnownFileType = text.plist.xml; path = Info.plist; sourceTree = "<group>"; };
		E87ABFF32AE05DD6004FB6CF /* MenuEntry.swift */ = {isa = PBXFileReference; fileEncoding = 4; lastKnownFileType = sourcecode.swift; path = MenuEntry.swift; sourceTree = "<group>"; };
		E87ABFF52AE05E0C004FB6CF /* CenterViewController.swift */ = {isa = PBXFileReference; fileEncoding = 4; lastKnownFileType = sourcecode.swift; path = CenterViewController.swift; sourceTree = "<group>"; };
		E87ABFF62AE05E0C004FB6CF /* CenterViewController.xib */ = {isa = PBXFileReference; fileEncoding = 4; lastKnownFileType = file.xib; path = CenterViewController.xib; sourceTree = "<group>"; };
		E87ABFF72AE05E0C004FB6CF /* LeftViewController.swift */ = {isa = PBXFileReference; fileEncoding = 4; lastKnownFileType = sourcecode.swift; path = LeftViewController.swift; sourceTree = "<group>"; };
		E87ABFF82AE05E0C004FB6CF /* LeftViewController.xib */ = {isa = PBXFileReference; fileEncoding = 4; lastKnownFileType = file.xib; path = LeftViewController.xib; sourceTree = "<group>"; };
		E87ABFFD2AE05EAE004FB6CF /* StringValueTableViewCell.xib */ = {isa = PBXFileReference; fileEncoding = 4; lastKnownFileType = file.xib; path = StringValueTableViewCell.xib; sourceTree = "<group>"; };
		E87ABFFE2AE05EAE004FB6CF /* LongTextTableViewCell.swift */ = {isa = PBXFileReference; fileEncoding = 4; lastKnownFileType = sourcecode.swift; path = LongTextTableViewCell.swift; sourceTree = "<group>"; };
		E87ABFFF2AE05EAE004FB6CF /* LinkTableViewCell.swift */ = {isa = PBXFileReference; fileEncoding = 4; lastKnownFileType = sourcecode.swift; path = LinkTableViewCell.swift; sourceTree = "<group>"; };
		E87AC0002AE05EAE004FB6CF /* LinkTableViewCell.xib */ = {isa = PBXFileReference; fileEncoding = 4; lastKnownFileType = file.xib; path = LinkTableViewCell.xib; sourceTree = "<group>"; };
		E87AC0012AE05EAE004FB6CF /* LongTextTableViewCell.xib */ = {isa = PBXFileReference; fileEncoding = 4; lastKnownFileType = file.xib; path = LongTextTableViewCell.xib; sourceTree = "<group>"; };
		E87AC0022AE05EAE004FB6CF /* StringValueTableViewCell.swift */ = {isa = PBXFileReference; fileEncoding = 4; lastKnownFileType = sourcecode.swift; path = StringValueTableViewCell.swift; sourceTree = "<group>"; };
		E87AC0092AE05EFA004FB6CF /* UITableViewCell.swift */ = {isa = PBXFileReference; fileEncoding = 4; lastKnownFileType = sourcecode.swift; path = UITableViewCell.swift; sourceTree = "<group>"; };
		E87AC00A2AE05EFB004FB6CF /* Formatter.swift */ = {isa = PBXFileReference; fileEncoding = 4; lastKnownFileType = sourcecode.swift; path = Formatter.swift; sourceTree = "<group>"; };
		E87AC00B2AE05EFB004FB6CF /* Int.swift */ = {isa = PBXFileReference; fileEncoding = 4; lastKnownFileType = sourcecode.swift; path = Int.swift; sourceTree = "<group>"; };
		E87AC00C2AE05EFB004FB6CF /* String.swift */ = {isa = PBXFileReference; fileEncoding = 4; lastKnownFileType = sourcecode.swift; path = String.swift; sourceTree = "<group>"; };
		E87AC00D2AE05EFB004FB6CF /* UINavigationController.swift */ = {isa = PBXFileReference; fileEncoding = 4; lastKnownFileType = sourcecode.swift; path = UINavigationController.swift; sourceTree = "<group>"; };
		E87AC0132AE05F14004FB6CF /* HttpClient.swift */ = {isa = PBXFileReference; fileEncoding = 4; lastKnownFileType = sourcecode.swift; path = HttpClient.swift; sourceTree = "<group>"; };
		E87AC0152AE05F22004FB6CF /* Planet.swift */ = {isa = PBXFileReference; fileEncoding = 4; lastKnownFileType = sourcecode.swift; path = Planet.swift; sourceTree = "<group>"; };
		E87AC0162AE05F22004FB6CF /* Species.swift */ = {isa = PBXFileReference; fileEncoding = 4; lastKnownFileType = sourcecode.swift; path = Species.swift; sourceTree = "<group>"; };
		E87AC0172AE05F22004FB6CF /* Vehicle.swift */ = {isa = PBXFileReference; fileEncoding = 4; lastKnownFileType = sourcecode.swift; path = Vehicle.swift; sourceTree = "<group>"; };
		E87AC0182AE05F22004FB6CF /* Character.swift */ = {isa = PBXFileReference; fileEncoding = 4; lastKnownFileType = sourcecode.swift; path = Character.swift; sourceTree = "<group>"; };
		E87AC0192AE05F22004FB6CF /* Film.swift */ = {isa = PBXFileReference; fileEncoding = 4; lastKnownFileType = sourcecode.swift; path = Film.swift; sourceTree = "<group>"; };
		E87AC01A2AE05F22004FB6CF /* Starship.swift */ = {isa = PBXFileReference; fileEncoding = 4; lastKnownFileType = sourcecode.swift; path = Starship.swift; sourceTree = "<group>"; };
		E87AC01B2AE05F22004FB6CF /* BaseModel.swift */ = {isa = PBXFileReference; fileEncoding = 4; lastKnownFileType = sourcecode.swift; path = BaseModel.swift; sourceTree = "<group>"; };
		E87AC0232AE05F31004FB6CF /* PlanetProvider.swift */ = {isa = PBXFileReference; fileEncoding = 4; lastKnownFileType = sourcecode.swift; path = PlanetProvider.swift; sourceTree = "<group>"; };
		E87AC0242AE05F31004FB6CF /* SpeciesProvider.swift */ = {isa = PBXFileReference; fileEncoding = 4; lastKnownFileType = sourcecode.swift; path = SpeciesProvider.swift; sourceTree = "<group>"; };
		E87AC0252AE05F31004FB6CF /* StarshipProvider.swift */ = {isa = PBXFileReference; fileEncoding = 4; lastKnownFileType = sourcecode.swift; path = StarshipProvider.swift; sourceTree = "<group>"; };
		E87AC0262AE05F31004FB6CF /* VehicleProvider.swift */ = {isa = PBXFileReference; fileEncoding = 4; lastKnownFileType = sourcecode.swift; path = VehicleProvider.swift; sourceTree = "<group>"; };
		E87AC0272AE05F31004FB6CF /* CharacterProvider.swift */ = {isa = PBXFileReference; fileEncoding = 4; lastKnownFileType = sourcecode.swift; path = CharacterProvider.swift; sourceTree = "<group>"; };
		E87AC0282AE05F31004FB6CF /* FilmProvider.swift */ = {isa = PBXFileReference; fileEncoding = 4; lastKnownFileType = sourcecode.swift; path = FilmProvider.swift; sourceTree = "<group>"; };
		E87AC0302AE05F52004FB6CF /* CharacterListViewController.swift */ = {isa = PBXFileReference; fileEncoding = 4; lastKnownFileType = sourcecode.swift; path = CharacterListViewController.swift; sourceTree = "<group>"; };
		E87AC0312AE05F52004FB6CF /* CharacterDetailViewController.swift */ = {isa = PBXFileReference; fileEncoding = 4; lastKnownFileType = sourcecode.swift; path = CharacterDetailViewController.swift; sourceTree = "<group>"; };
		E87AC0322AE05F52004FB6CF /* CharacterDetailType.swift */ = {isa = PBXFileReference; fileEncoding = 4; lastKnownFileType = sourcecode.swift; path = CharacterDetailType.swift; sourceTree = "<group>"; };
		E87AC0332AE05F52004FB6CF /* CharacterDetailViewController.xib */ = {isa = PBXFileReference; fileEncoding = 4; lastKnownFileType = file.xib; path = CharacterDetailViewController.xib; sourceTree = "<group>"; };
		E87AC0342AE05F52004FB6CF /* CharacterListViewController.xib */ = {isa = PBXFileReference; fileEncoding = 4; lastKnownFileType = file.xib; path = CharacterListViewController.xib; sourceTree = "<group>"; };
		E87AC0362AE05F52004FB6CF /* PlanetDetailsViewController.xib */ = {isa = PBXFileReference; fileEncoding = 4; lastKnownFileType = file.xib; path = PlanetDetailsViewController.xib; sourceTree = "<group>"; };
		E87AC0372AE05F52004FB6CF /* PlanetListViewController.xib */ = {isa = PBXFileReference; fileEncoding = 4; lastKnownFileType = file.xib; path = PlanetListViewController.xib; sourceTree = "<group>"; };
		E87AC0382AE05F52004FB6CF /* PlanetListViewController.swift */ = {isa = PBXFileReference; fileEncoding = 4; lastKnownFileType = sourcecode.swift; path = PlanetListViewController.swift; sourceTree = "<group>"; };
		E87AC0392AE05F52004FB6CF /* PlanetDetailType.swift */ = {isa = PBXFileReference; fileEncoding = 4; lastKnownFileType = sourcecode.swift; path = PlanetDetailType.swift; sourceTree = "<group>"; };
		E87AC03A2AE05F52004FB6CF /* PlanetDetailsViewController.swift */ = {isa = PBXFileReference; fileEncoding = 4; lastKnownFileType = sourcecode.swift; path = PlanetDetailsViewController.swift; sourceTree = "<group>"; };
		E87AC03C2AE05F52004FB6CF /* FilmDetailType.swift */ = {isa = PBXFileReference; fileEncoding = 4; lastKnownFileType = sourcecode.swift; path = FilmDetailType.swift; sourceTree = "<group>"; };
		E87AC03D2AE05F52004FB6CF /* FilmListViewController.swift */ = {isa = PBXFileReference; fileEncoding = 4; lastKnownFileType = sourcecode.swift; path = FilmListViewController.swift; sourceTree = "<group>"; };
		E87AC03E2AE05F52004FB6CF /* FilmListViewController.xib */ = {isa = PBXFileReference; fileEncoding = 4; lastKnownFileType = file.xib; path = FilmListViewController.xib; sourceTree = "<group>"; };
		E87AC03F2AE05F52004FB6CF /* FilmDetailViewController.xib */ = {isa = PBXFileReference; fileEncoding = 4; lastKnownFileType = file.xib; path = FilmDetailViewController.xib; sourceTree = "<group>"; };
		E87AC0402AE05F52004FB6CF /* FilmDetailViewController.swift */ = {isa = PBXFileReference; fileEncoding = 4; lastKnownFileType = sourcecode.swift; path = FilmDetailViewController.swift; sourceTree = "<group>"; };
		E87AC0422AE05F52004FB6CF /* SpeciesListViewController.swift */ = {isa = PBXFileReference; fileEncoding = 4; lastKnownFileType = sourcecode.swift; path = SpeciesListViewController.swift; sourceTree = "<group>"; };
		E87AC0432AE05F52004FB6CF /* SpeciesListViewController.xib */ = {isa = PBXFileReference; fileEncoding = 4; lastKnownFileType = file.xib; path = SpeciesListViewController.xib; sourceTree = "<group>"; };
		E87AC0442AE05F52004FB6CF /* SpeciesDetailViewController.swift */ = {isa = PBXFileReference; fileEncoding = 4; lastKnownFileType = sourcecode.swift; path = SpeciesDetailViewController.swift; sourceTree = "<group>"; };
		E87AC0452AE05F52004FB6CF /* SpeciesDetailType.swift */ = {isa = PBXFileReference; fileEncoding = 4; lastKnownFileType = sourcecode.swift; path = SpeciesDetailType.swift; sourceTree = "<group>"; };
		E87AC0462AE05F52004FB6CF /* SpeciesDetailViewController.xib */ = {isa = PBXFileReference; fileEncoding = 4; lastKnownFileType = file.xib; path = SpeciesDetailViewController.xib; sourceTree = "<group>"; };
		E87AC0482AE05F52004FB6CF /* StarshipListViewController.swift */ = {isa = PBXFileReference; fileEncoding = 4; lastKnownFileType = sourcecode.swift; path = StarshipListViewController.swift; sourceTree = "<group>"; };
		E87AC0492AE05F52004FB6CF /* StarshipDetailViewController.swift */ = {isa = PBXFileReference; fileEncoding = 4; lastKnownFileType = sourcecode.swift; path = StarshipDetailViewController.swift; sourceTree = "<group>"; };
		E87AC04A2AE05F52004FB6CF /* StarshipListViewController.xib */ = {isa = PBXFileReference; fileEncoding = 4; lastKnownFileType = file.xib; path = StarshipListViewController.xib; sourceTree = "<group>"; };
		E87AC04B2AE05F52004FB6CF /* StarshipDetailViewController.xib */ = {isa = PBXFileReference; fileEncoding = 4; lastKnownFileType = file.xib; path = StarshipDetailViewController.xib; sourceTree = "<group>"; };
		E87AC04C2AE05F52004FB6CF /* StarshipDetailType.swift */ = {isa = PBXFileReference; fileEncoding = 4; lastKnownFileType = sourcecode.swift; path = StarshipDetailType.swift; sourceTree = "<group>"; };
		E87AC04E2AE05F52004FB6CF /* VehicleDetailType.swift */ = {isa = PBXFileReference; fileEncoding = 4; lastKnownFileType = sourcecode.swift; path = VehicleDetailType.swift; sourceTree = "<group>"; };
		E87AC04F2AE05F52004FB6CF /* VehicleDetailViewController.xib */ = {isa = PBXFileReference; fileEncoding = 4; lastKnownFileType = file.xib; path = VehicleDetailViewController.xib; sourceTree = "<group>"; };
		E87AC0502AE05F52004FB6CF /* VehicleListViewController.xib */ = {isa = PBXFileReference; fileEncoding = 4; lastKnownFileType = file.xib; path = VehicleListViewController.xib; sourceTree = "<group>"; };
		E87AC0512AE05F52004FB6CF /* VehicleListViewController.swift */ = {isa = PBXFileReference; fileEncoding = 4; lastKnownFileType = sourcecode.swift; path = VehicleListViewController.swift; sourceTree = "<group>"; };
		E87AC0522AE05F52004FB6CF /* VehicleDetailViewController.swift */ = {isa = PBXFileReference; fileEncoding = 4; lastKnownFileType = sourcecode.swift; path = VehicleDetailViewController.swift; sourceTree = "<group>"; };
		E895FE412AE12907001E2304 /* CellProvider.swift */ = {isa = PBXFileReference; lastKnownFileType = sourcecode.swift; path = CellProvider.swift; sourceTree = "<group>"; };
		E895FE432AE13176001E2304 /* CellType.swift */ = {isa = PBXFileReference; lastKnownFileType = sourcecode.swift; path = CellType.swift; sourceTree = "<group>"; };
		E8D8C33F2AEC2556007584D7 /* myIMDBUITests.xctest */ = {isa = PBXFileReference; explicitFileType = wrapper.cfbundle; includeInIndex = 0; path = myIMDBUITests.xctest; sourceTree = BUILT_PRODUCTS_DIR; };
		E8D8C3412AEC2556007584D7 /* baseUITests.swift */ = {isa = PBXFileReference; lastKnownFileType = sourcecode.swift; path = baseUITests.swift; sourceTree = "<group>"; };
		E8D8C3432AEC2556007584D7 /* myIMDBUITestsLaunchTests.swift */ = {isa = PBXFileReference; lastKnownFileType = sourcecode.swift; path = myIMDBUITestsLaunchTests.swift; sourceTree = "<group>"; };
		E8D8C34B2AF00523007584D7 /* films_.tail */ = {isa = PBXFileReference; lastKnownFileType = text; path = films_.tail; sourceTree = "<group>"; };
		E8D8C34E2AF02400007584D7 /* people_2.tail */ = {isa = PBXFileReference; lastKnownFileType = text; path = people_2.tail; sourceTree = "<group>"; };
		E8D8C3502AF02981007584D7 /* planets_1.tail */ = {isa = PBXFileReference; lastKnownFileType = text; path = planets_1.tail; sourceTree = "<group>"; };
		E8D8C3522AF02AFF007584D7 /* species_1.tail */ = {isa = PBXFileReference; lastKnownFileType = text; path = species_1.tail; sourceTree = "<group>"; };
		E8D8C3542AF02C09007584D7 /* starships_31.tail */ = {isa = PBXFileReference; lastKnownFileType = text; path = starships_31.tail; sourceTree = "<group>"; };
		E8D8C3562AF02E2F007584D7 /* vehicles_33.tail */ = {isa = PBXFileReference; lastKnownFileType = text; path = vehicles_33.tail; sourceTree = "<group>"; };
		E8D8C35C2AF03617007584D7 /* myIMDBTests.xctest */ = {isa = PBXFileReference; explicitFileType = wrapper.cfbundle; includeInIndex = 0; path = myIMDBTests.xctest; sourceTree = BUILT_PRODUCTS_DIR; };
		E8D8C35E2AF03617007584D7 /* myIMDBTests.swift */ = {isa = PBXFileReference; lastKnownFileType = sourcecode.swift; path = myIMDBTests.swift; sourceTree = "<group>"; };
		E8D8C3662AF0368B007584D7 /* Formatter_Test.swift */ = {isa = PBXFileReference; lastKnownFileType = sourcecode.swift; path = Formatter_Test.swift; sourceTree = "<group>"; };
		E8D8C3682AF03B4F007584D7 /* Int_Test.swift */ = {isa = PBXFileReference; lastKnownFileType = sourcecode.swift; path = Int_Test.swift; sourceTree = "<group>"; };
		E8D8C36A2AF03D51007584D7 /* String_Test.swift */ = {isa = PBXFileReference; lastKnownFileType = sourcecode.swift; path = String_Test.swift; sourceTree = "<group>"; };
		E8D8C36C2AF176DF007584D7 /* films_4.tail */ = {isa = PBXFileReference; lastKnownFileType = text; path = films_4.tail; sourceTree = "<group>"; };
		E8D8C3702AF1815F007584D7 /* Models_Test.swift */ = {isa = PBXFileReference; lastKnownFileType = sourcecode.swift; path = Models_Test.swift; sourceTree = "<group>"; };
		FAB1D7EE8A0BF1C88F6FB663 /* Pods-myIMDB.release.xcconfig */ = {isa = PBXFileReference; includeInIndex = 1; lastKnownFileType = text.xcconfig; name = "Pods-myIMDB.release.xcconfig"; path = "Target Support Files/Pods-myIMDB/Pods-myIMDB.release.xcconfig"; sourceTree = "<group>"; };
/* End PBXFileReference section */

/* Begin PBXFrameworksBuildPhase section */
		E85CADD52AE058ED00E85763 /* Frameworks */ = {
			isa = PBXFrameworksBuildPhase;
			buildActionMask = 2147483647;
			files = (
				0CA5119CC391F946766CE613 /* Pods_myIMDB.framework in Frameworks */,
			);
			runOnlyForDeploymentPostprocessing = 0;
		};
		E8D8C33C2AEC2556007584D7 /* Frameworks */ = {
			isa = PBXFrameworksBuildPhase;
			buildActionMask = 2147483647;
			files = (
			);
			runOnlyForDeploymentPostprocessing = 0;
		};
		E8D8C3592AF03617007584D7 /* Frameworks */ = {
			isa = PBXFrameworksBuildPhase;
			buildActionMask = 2147483647;
			files = (
			);
			runOnlyForDeploymentPostprocessing = 0;
		};
/* End PBXFrameworksBuildPhase section */

/* Begin PBXGroup section */
		35FD3080EA3C75D33F11507F /* Frameworks */ = {
			isa = PBXGroup;
			children = (
				C2D0F49CC0B263D3EA9D9151 /* Pods_myIMDB.framework */,
			);
			name = Frameworks;
			sourceTree = "<group>";
		};
		B1634919BAC187B8DA3D2492 /* Pods */ = {
			isa = PBXGroup;
			children = (
				A63FF5B6ED6CB43965DD65A6 /* Pods-myIMDB.debug.xcconfig */,
				FAB1D7EE8A0BF1C88F6FB663 /* Pods-myIMDB.release.xcconfig */,
			);
			path = Pods;
			sourceTree = "<group>";
		};
		E82B10592AE0604700944071 /* Utility */ = {
			isa = PBXGroup;
			children = (
				E82B105A2AE0605A00944071 /* Info.swift */,
			);
			path = Utility;
			sourceTree = "<group>";
		};
		E85CADCF2AE058ED00E85763 = {
			isa = PBXGroup;
			children = (
				E85CADDA2AE058ED00E85763 /* myIMDB */,
				E8D8C3402AEC2556007584D7 /* myIMDBUITests */,
				E8D8C35D2AF03617007584D7 /* myIMDBTests */,
				E85CADD92AE058ED00E85763 /* Products */,
				B1634919BAC187B8DA3D2492 /* Pods */,
				35FD3080EA3C75D33F11507F /* Frameworks */,
			);
			sourceTree = "<group>";
		};
		E85CADD92AE058ED00E85763 /* Products */ = {
			isa = PBXGroup;
			children = (
				E85CADD82AE058ED00E85763 /* myIMDB.app */,
				E8D8C33F2AEC2556007584D7 /* myIMDBUITests.xctest */,
				E8D8C35C2AF03617007584D7 /* myIMDBTests.xctest */,
			);
			name = Products;
			sourceTree = "<group>";
		};
		E85CADDA2AE058ED00E85763 /* myIMDB */ = {
			isa = PBXGroup;
			children = (
				E87ABFED2AE05CAE004FB6CF /* Cells */,
				E87ABFEE2AE05CBB004FB6CF /* Extensions */,
				E87ABFEF2AE05CC9004FB6CF /* HTTP */,
				E87ABFF02AE05CD9004FB6CF /* Model */,
				E87ABFF12AE05CE8004FB6CF /* Providers */,
				E87ABFF22AE05CFA004FB6CF /* Starwars */,
				E87ABFEC2AE05C91004FB6CF /* SwiftNavigation */,
				E82B10592AE0604700944071 /* Utility */,
				E8D8C34A2AEFFBE4007584D7 /* mocktails */,
				E85CADDB2AE058ED00E85763 /* AppDelegate.swift */,
				E87ABFF32AE05DD6004FB6CF /* MenuEntry.swift */,
				E85CADDD2AE058ED00E85763 /* SceneDelegate.swift */,
				E85CADDF2AE058ED00E85763 /* MainViewController.swift */,
				E85CADE42AE058EE00E85763 /* Assets.xcassets */,
				E85CADE92AE058EE00E85763 /* Info.plist */,
				E85CADE62AE058EE00E85763 /* LaunchScreen.storyboard */,
				E85CADE12AE058ED00E85763 /* Main.storyboard */,
			);
			path = myIMDB;
			sourceTree = "<group>";
		};
		E87ABFEC2AE05C91004FB6CF /* SwiftNavigation */ = {
			isa = PBXGroup;
			children = (
				E87ABFF52AE05E0C004FB6CF /* CenterViewController.swift */,
				E87ABFF62AE05E0C004FB6CF /* CenterViewController.xib */,
				E87ABFF72AE05E0C004FB6CF /* LeftViewController.swift */,
				E87ABFF82AE05E0C004FB6CF /* LeftViewController.xib */,
			);
			path = SwiftNavigation;
			sourceTree = "<group>";
		};
		E87ABFED2AE05CAE004FB6CF /* Cells */ = {
			isa = PBXGroup;
			children = (
				E87ABFFF2AE05EAE004FB6CF /* LinkTableViewCell.swift */,
				E87AC0002AE05EAE004FB6CF /* LinkTableViewCell.xib */,
				E87ABFFE2AE05EAE004FB6CF /* LongTextTableViewCell.swift */,
				E87AC0012AE05EAE004FB6CF /* LongTextTableViewCell.xib */,
				E87AC0022AE05EAE004FB6CF /* StringValueTableViewCell.swift */,
				E87ABFFD2AE05EAE004FB6CF /* StringValueTableViewCell.xib */,
				E895FE432AE13176001E2304 /* CellType.swift */,
			);
			path = Cells;
			sourceTree = "<group>";
		};
		E87ABFEE2AE05CBB004FB6CF /* Extensions */ = {
			isa = PBXGroup;
			children = (
				E87AC00A2AE05EFB004FB6CF /* Formatter.swift */,
				E87AC00B2AE05EFB004FB6CF /* Int.swift */,
				E87AC00C2AE05EFB004FB6CF /* String.swift */,
				E87AC00D2AE05EFB004FB6CF /* UINavigationController.swift */,
				E87AC0092AE05EFA004FB6CF /* UITableViewCell.swift */,
			);
			path = Extensions;
			sourceTree = "<group>";
		};
		E87ABFEF2AE05CC9004FB6CF /* HTTP */ = {
			isa = PBXGroup;
			children = (
				E87AC0132AE05F14004FB6CF /* HttpClient.swift */,
			);
			path = HTTP;
			sourceTree = "<group>";
		};
		E87ABFF02AE05CD9004FB6CF /* Model */ = {
			isa = PBXGroup;
			children = (
				E87AC01B2AE05F22004FB6CF /* BaseModel.swift */,
				E87AC0182AE05F22004FB6CF /* Character.swift */,
				E87AC0192AE05F22004FB6CF /* Film.swift */,
				E87AC0152AE05F22004FB6CF /* Planet.swift */,
				E87AC0162AE05F22004FB6CF /* Species.swift */,
				E87AC01A2AE05F22004FB6CF /* Starship.swift */,
				E87AC0172AE05F22004FB6CF /* Vehicle.swift */,
			);
			path = Model;
			sourceTree = "<group>";
		};
		E87ABFF12AE05CE8004FB6CF /* Providers */ = {
			isa = PBXGroup;
			children = (
				E87AC0272AE05F31004FB6CF /* CharacterProvider.swift */,
				E87AC0282AE05F31004FB6CF /* FilmProvider.swift */,
				E87AC0232AE05F31004FB6CF /* PlanetProvider.swift */,
				E87AC0242AE05F31004FB6CF /* SpeciesProvider.swift */,
				E87AC0252AE05F31004FB6CF /* StarshipProvider.swift */,
				E87AC0262AE05F31004FB6CF /* VehicleProvider.swift */,
				E895FE412AE12907001E2304 /* CellProvider.swift */,
			);
			path = Providers;
			sourceTree = "<group>";
		};
		E87ABFF22AE05CFA004FB6CF /* Starwars */ = {
			isa = PBXGroup;
			children = (
				E87AC02F2AE05F52004FB6CF /* Characters */,
				E87AC03B2AE05F52004FB6CF /* Films */,
				E87AC0352AE05F52004FB6CF /* Planets */,
				E87AC0412AE05F52004FB6CF /* Species */,
				E87AC0472AE05F52004FB6CF /* Starships */,
				E87AC04D2AE05F52004FB6CF /* Vehicles */,
			);
			path = Starwars;
			sourceTree = "<group>";
		};
		E87AC02F2AE05F52004FB6CF /* Characters */ = {
			isa = PBXGroup;
			children = (
				E87AC0302AE05F52004FB6CF /* CharacterListViewController.swift */,
				E87AC0342AE05F52004FB6CF /* CharacterListViewController.xib */,
				E87AC0312AE05F52004FB6CF /* CharacterDetailViewController.swift */,
				E87AC0332AE05F52004FB6CF /* CharacterDetailViewController.xib */,
				E87AC0322AE05F52004FB6CF /* CharacterDetailType.swift */,
			);
			path = Characters;
			sourceTree = "<group>";
		};
		E87AC0352AE05F52004FB6CF /* Planets */ = {
			isa = PBXGroup;
			children = (
				E87AC0382AE05F52004FB6CF /* PlanetListViewController.swift */,
				E87AC0372AE05F52004FB6CF /* PlanetListViewController.xib */,
				E87AC03A2AE05F52004FB6CF /* PlanetDetailsViewController.swift */,
				E87AC0362AE05F52004FB6CF /* PlanetDetailsViewController.xib */,
				E87AC0392AE05F52004FB6CF /* PlanetDetailType.swift */,
			);
			path = Planets;
			sourceTree = "<group>";
		};
		E87AC03B2AE05F52004FB6CF /* Films */ = {
			isa = PBXGroup;
			children = (
				E87AC03D2AE05F52004FB6CF /* FilmListViewController.swift */,
				E87AC03E2AE05F52004FB6CF /* FilmListViewController.xib */,
				E87AC0402AE05F52004FB6CF /* FilmDetailViewController.swift */,
				E87AC03F2AE05F52004FB6CF /* FilmDetailViewController.xib */,
				E87AC03C2AE05F52004FB6CF /* FilmDetailType.swift */,
			);
			path = Films;
			sourceTree = "<group>";
		};
		E87AC0412AE05F52004FB6CF /* Species */ = {
			isa = PBXGroup;
			children = (
				E87AC0422AE05F52004FB6CF /* SpeciesListViewController.swift */,
				E87AC0432AE05F52004FB6CF /* SpeciesListViewController.xib */,
				E87AC0442AE05F52004FB6CF /* SpeciesDetailViewController.swift */,
				E87AC0462AE05F52004FB6CF /* SpeciesDetailViewController.xib */,
				E87AC0452AE05F52004FB6CF /* SpeciesDetailType.swift */,
			);
			path = Species;
			sourceTree = "<group>";
		};
		E87AC0472AE05F52004FB6CF /* Starships */ = {
			isa = PBXGroup;
			children = (
				E87AC0482AE05F52004FB6CF /* StarshipListViewController.swift */,
				E87AC04A2AE05F52004FB6CF /* StarshipListViewController.xib */,
				E87AC0492AE05F52004FB6CF /* StarshipDetailViewController.swift */,
				E87AC04B2AE05F52004FB6CF /* StarshipDetailViewController.xib */,
				E87AC04C2AE05F52004FB6CF /* StarshipDetailType.swift */,
			);
			path = Starships;
			sourceTree = "<group>";
		};
		E87AC04D2AE05F52004FB6CF /* Vehicles */ = {
			isa = PBXGroup;
			children = (
				E87AC0512AE05F52004FB6CF /* VehicleListViewController.swift */,
				E87AC0502AE05F52004FB6CF /* VehicleListViewController.xib */,
				E87AC0522AE05F52004FB6CF /* VehicleDetailViewController.swift */,
				E87AC04F2AE05F52004FB6CF /* VehicleDetailViewController.xib */,
				E87AC04E2AE05F52004FB6CF /* VehicleDetailType.swift */,
			);
			path = Vehicles;
			sourceTree = "<group>";
		};
		E8D8C3402AEC2556007584D7 /* myIMDBUITests */ = {
			isa = PBXGroup;
			children = (
				E8D8C3412AEC2556007584D7 /* baseUITests.swift */,
				E8D8C3432AEC2556007584D7 /* myIMDBUITestsLaunchTests.swift */,
			);
			path = myIMDBUITests;
			sourceTree = "<group>";
		};
		E8D8C34A2AEFFBE4007584D7 /* mocktails */ = {
			isa = PBXGroup;
			children = (
				E8D8C34B2AF00523007584D7 /* films_.tail */,
				E8D8C36C2AF176DF007584D7 /* films_4.tail */,
				E8D8C34E2AF02400007584D7 /* people_2.tail */,
				E8D8C3502AF02981007584D7 /* planets_1.tail */,
				E8D8C3522AF02AFF007584D7 /* species_1.tail */,
				E8D8C3542AF02C09007584D7 /* starships_31.tail */,
				E8D8C3562AF02E2F007584D7 /* vehicles_33.tail */,
			);
			path = mocktails;
			sourceTree = "<group>";
		};
		E8D8C35D2AF03617007584D7 /* myIMDBTests */ = {
			isa = PBXGroup;
			children = (
				E8D8C36F2AF17FAE007584D7 /* Model */,
				E8D8C36E2AF17FA0007584D7 /* Provider */,
				E8D8C3652AF03665007584D7 /* Extensions */,
				E8D8C35E2AF03617007584D7 /* myIMDBTests.swift */,
			);
			path = myIMDBTests;
			sourceTree = "<group>";
		};
		E8D8C3652AF03665007584D7 /* Extensions */ = {
			isa = PBXGroup;
			children = (
				E8D8C3662AF0368B007584D7 /* Formatter_Test.swift */,
				E8D8C3682AF03B4F007584D7 /* Int_Test.swift */,
				E8D8C36A2AF03D51007584D7 /* String_Test.swift */,
			);
			path = Extensions;
			sourceTree = "<group>";
		};
		E8D8C36E2AF17FA0007584D7 /* Provider */ = {
			isa = PBXGroup;
			children = (
			);
			path = Provider;
			sourceTree = "<group>";
		};
		E8D8C36F2AF17FAE007584D7 /* Model */ = {
			isa = PBXGroup;
			children = (
				E8D8C3702AF1815F007584D7 /* Models_Test.swift */,
			);
			path = Model;
			sourceTree = "<group>";
		};
/* End PBXGroup section */

/* Begin PBXNativeTarget section */
		E85CADD72AE058ED00E85763 /* myIMDB */ = {
			isa = PBXNativeTarget;
			buildConfigurationList = E85CADEC2AE058EE00E85763 /* Build configuration list for PBXNativeTarget "myIMDB" */;
			buildPhases = (
				57F8172FBD9A9A0C277109E8 /* [CP] Check Pods Manifest.lock */,
				E85CADD42AE058ED00E85763 /* Sources */,
				E85CADD52AE058ED00E85763 /* Frameworks */,
				E85CADD62AE058ED00E85763 /* Resources */,
				3F7DC2AD32B1AEEF1E118B5E /* [CP] Embed Pods Frameworks */,
			);
			buildRules = (
			);
			dependencies = (
			);
			name = myIMDB;
			productName = myIMDB;
			productReference = E85CADD82AE058ED00E85763 /* myIMDB.app */;
			productType = "com.apple.product-type.application";
		};
		E8D8C33E2AEC2556007584D7 /* myIMDBUITests */ = {
			isa = PBXNativeTarget;
			buildConfigurationList = E8D8C3472AEC2556007584D7 /* Build configuration list for PBXNativeTarget "myIMDBUITests" */;
			buildPhases = (
				E8D8C33B2AEC2556007584D7 /* Sources */,
				E8D8C33C2AEC2556007584D7 /* Frameworks */,
				E8D8C33D2AEC2556007584D7 /* Resources */,
			);
			buildRules = (
			);
			dependencies = (
				E8D8C3462AEC2556007584D7 /* PBXTargetDependency */,
			);
			name = myIMDBUITests;
			productName = myIMDBUITests;
			productReference = E8D8C33F2AEC2556007584D7 /* myIMDBUITests.xctest */;
			productType = "com.apple.product-type.bundle.ui-testing";
		};
		E8D8C35B2AF03617007584D7 /* myIMDBTests */ = {
			isa = PBXNativeTarget;
			buildConfigurationList = E8D8C3622AF03617007584D7 /* Build configuration list for PBXNativeTarget "myIMDBTests" */;
			buildPhases = (
				E8D8C3582AF03617007584D7 /* Sources */,
				E8D8C3592AF03617007584D7 /* Frameworks */,
				E8D8C35A2AF03617007584D7 /* Resources */,
			);
			buildRules = (
			);
			dependencies = (
				E8D8C3612AF03617007584D7 /* PBXTargetDependency */,
			);
			name = myIMDBTests;
			productName = myIMDBTests;
			productReference = E8D8C35C2AF03617007584D7 /* myIMDBTests.xctest */;
			productType = "com.apple.product-type.bundle.unit-test";
		};
/* End PBXNativeTarget section */

/* Begin PBXProject section */
		E85CADD02AE058ED00E85763 /* Project object */ = {
			isa = PBXProject;
			attributes = {
				BuildIndependentTargetsInParallel = 1;
				LastSwiftUpdateCheck = 1500;
				LastUpgradeCheck = 1500;
				TargetAttributes = {
					E85CADD72AE058ED00E85763 = {
						CreatedOnToolsVersion = 15.0;
					};
					E8D8C33E2AEC2556007584D7 = {
						CreatedOnToolsVersion = 15.0.1;
						TestTargetID = E85CADD72AE058ED00E85763;
					};
					E8D8C35B2AF03617007584D7 = {
						CreatedOnToolsVersion = 15.0.1;
						TestTargetID = E85CADD72AE058ED00E85763;
					};
				};
			};
			buildConfigurationList = E85CADD32AE058ED00E85763 /* Build configuration list for PBXProject "myIMDB" */;
			compatibilityVersion = "Xcode 12.0";
			developmentRegion = en;
			hasScannedForEncodings = 0;
			knownRegions = (
				en,
				Base,
			);
			mainGroup = E85CADCF2AE058ED00E85763;
			productRefGroup = E85CADD92AE058ED00E85763 /* Products */;
			projectDirPath = "";
			projectRoot = "";
			targets = (
				E85CADD72AE058ED00E85763 /* myIMDB */,
				E8D8C33E2AEC2556007584D7 /* myIMDBUITests */,
				E8D8C35B2AF03617007584D7 /* myIMDBTests */,
			);
		};
/* End PBXProject section */

/* Begin PBXResourcesBuildPhase section */
		E85CADD62AE058ED00E85763 /* Resources */ = {
			isa = PBXResourcesBuildPhase;
			buildActionMask = 2147483647;
			files = (
				E8D8C34D2AF00AA5007584D7 /* films_.tail in Resources */,
				E8D8C36D2AF176DF007584D7 /* films_4.tail in Resources */,
				E87AC0592AE05F52004FB6CF /* PlanetListViewController.xib in Resources */,
				E8D8C3572AF02E2F007584D7 /* vehicles_33.tail in Resources */,
				E8D8C3532AF02AFF007584D7 /* species_1.tail in Resources */,
				E87AC0602AE05F52004FB6CF /* FilmDetailViewController.xib in Resources */,
				E87AC0572AE05F52004FB6CF /* CharacterListViewController.xib in Resources */,
				E87AC0632AE05F52004FB6CF /* SpeciesListViewController.xib in Resources */,
				E87AC05F2AE05F52004FB6CF /* FilmListViewController.xib in Resources */,
				E87AC0062AE05EAE004FB6CF /* LinkTableViewCell.xib in Resources */,
				E85CADE82AE058EE00E85763 /* LaunchScreen.storyboard in Resources */,
				E87AC0562AE05F52004FB6CF /* CharacterDetailViewController.xib in Resources */,
				E87AC0072AE05EAE004FB6CF /* LongTextTableViewCell.xib in Resources */,
				E87AC0692AE05F52004FB6CF /* StarshipListViewController.xib in Resources */,
				E87ABFFA2AE05E0C004FB6CF /* CenterViewController.xib in Resources */,
				E8D8C34F2AF02400007584D7 /* people_2.tail in Resources */,
				E87ABFFC2AE05E0C004FB6CF /* LeftViewController.xib in Resources */,
				E87AC06A2AE05F52004FB6CF /* StarshipDetailViewController.xib in Resources */,
				E87AC06E2AE05F52004FB6CF /* VehicleListViewController.xib in Resources */,
				E85CADE52AE058EE00E85763 /* Assets.xcassets in Resources */,
				E87AC06D2AE05F52004FB6CF /* VehicleDetailViewController.xib in Resources */,
				E87AC0582AE05F52004FB6CF /* PlanetDetailsViewController.xib in Resources */,
				E87AC0032AE05EAE004FB6CF /* StringValueTableViewCell.xib in Resources */,
				E8D8C3512AF02981007584D7 /* planets_1.tail in Resources */,
				E87AC0662AE05F52004FB6CF /* SpeciesDetailViewController.xib in Resources */,
				E85CADE32AE058ED00E85763 /* Main.storyboard in Resources */,
				E8D8C3552AF02C09007584D7 /* starships_31.tail in Resources */,
			);
			runOnlyForDeploymentPostprocessing = 0;
		};
		E8D8C33D2AEC2556007584D7 /* Resources */ = {
			isa = PBXResourcesBuildPhase;
			buildActionMask = 2147483647;
			files = (
				E8D8C34C2AF00523007584D7 /* films_.tail in Resources */,
			);
			runOnlyForDeploymentPostprocessing = 0;
		};
		E8D8C35A2AF03617007584D7 /* Resources */ = {
			isa = PBXResourcesBuildPhase;
			buildActionMask = 2147483647;
			files = (
			);
			runOnlyForDeploymentPostprocessing = 0;
		};
/* End PBXResourcesBuildPhase section */

/* Begin PBXShellScriptBuildPhase section */
		3F7DC2AD32B1AEEF1E118B5E /* [CP] Embed Pods Frameworks */ = {
			isa = PBXShellScriptBuildPhase;
			buildActionMask = 2147483647;
			files = (
			);
			inputFileListPaths = (
				"${PODS_ROOT}/Target Support Files/Pods-myIMDB/Pods-myIMDB-frameworks-${CONFIGURATION}-input-files.xcfilelist",
			);
			name = "[CP] Embed Pods Frameworks";
			outputFileListPaths = (
				"${PODS_ROOT}/Target Support Files/Pods-myIMDB/Pods-myIMDB-frameworks-${CONFIGURATION}-output-files.xcfilelist",
			);
			runOnlyForDeploymentPostprocessing = 0;
			shellPath = /bin/sh;
			shellScript = "\"${PODS_ROOT}/Target Support Files/Pods-myIMDB/Pods-myIMDB-frameworks.sh\"\n";
			showEnvVarsInLog = 0;
		};
		57F8172FBD9A9A0C277109E8 /* [CP] Check Pods Manifest.lock */ = {
			isa = PBXShellScriptBuildPhase;
			buildActionMask = 2147483647;
			files = (
			);
			inputFileListPaths = (
			);
			inputPaths = (
				"${PODS_PODFILE_DIR_PATH}/Podfile.lock",
				"${PODS_ROOT}/Manifest.lock",
			);
			name = "[CP] Check Pods Manifest.lock";
			outputFileListPaths = (
			);
			outputPaths = (
				"$(DERIVED_FILE_DIR)/Pods-myIMDB-checkManifestLockResult.txt",
			);
			runOnlyForDeploymentPostprocessing = 0;
			shellPath = /bin/sh;
			shellScript = "diff \"${PODS_PODFILE_DIR_PATH}/Podfile.lock\" \"${PODS_ROOT}/Manifest.lock\" > /dev/null\nif [ $? != 0 ] ; then\n    # print error to STDERR\n    echo \"error: The sandbox is not in sync with the Podfile.lock. Run 'pod install' or update your CocoaPods installation.\" >&2\n    exit 1\nfi\n# This output is used by Xcode 'outputs' to avoid re-running this script phase.\necho \"SUCCESS\" > \"${SCRIPT_OUTPUT_FILE_0}\"\n";
			showEnvVarsInLog = 0;
		};
/* End PBXShellScriptBuildPhase section */

/* Begin PBXSourcesBuildPhase section */
		E85CADD42AE058ED00E85763 /* Sources */ = {
			isa = PBXSourcesBuildPhase;
			buildActionMask = 2147483647;
			files = (
				E87AC01E2AE05F22004FB6CF /* Vehicle.swift in Sources */,
				E87AC00F2AE05EFB004FB6CF /* Formatter.swift in Sources */,
				E87AC0292AE05F31004FB6CF /* PlanetProvider.swift in Sources */,
				E87AC06F2AE05F52004FB6CF /* VehicleListViewController.swift in Sources */,
				E895FE442AE13176001E2304 /* CellType.swift in Sources */,
				E87AC0642AE05F52004FB6CF /* SpeciesDetailViewController.swift in Sources */,
				E87AC02C2AE05F31004FB6CF /* VehicleProvider.swift in Sources */,
				E87AC0222AE05F22004FB6CF /* BaseModel.swift in Sources */,
				E87AC05B2AE05F52004FB6CF /* PlanetDetailType.swift in Sources */,
				E87AC0112AE05EFB004FB6CF /* String.swift in Sources */,
				E85CADE02AE058ED00E85763 /* MainViewController.swift in Sources */,
				E87AC02B2AE05F31004FB6CF /* StarshipProvider.swift in Sources */,
				E87AC0042AE05EAE004FB6CF /* LongTextTableViewCell.swift in Sources */,
				E87AC02A2AE05F31004FB6CF /* SpeciesProvider.swift in Sources */,
				E87AC0612AE05F52004FB6CF /* FilmDetailViewController.swift in Sources */,
				E87AC05C2AE05F52004FB6CF /* PlanetDetailsViewController.swift in Sources */,
				E87AC0202AE05F22004FB6CF /* Film.swift in Sources */,
				E87AC05D2AE05F52004FB6CF /* FilmDetailType.swift in Sources */,
				E87AC05E2AE05F52004FB6CF /* FilmListViewController.swift in Sources */,
				E87AC0102AE05EFB004FB6CF /* Int.swift in Sources */,
				E87ABFF42AE05DD6004FB6CF /* MenuEntry.swift in Sources */,
				E87AC0652AE05F52004FB6CF /* SpeciesDetailType.swift in Sources */,
				E87AC0552AE05F52004FB6CF /* CharacterDetailType.swift in Sources */,
				E87AC0052AE05EAE004FB6CF /* LinkTableViewCell.swift in Sources */,
				E85CADDC2AE058ED00E85763 /* AppDelegate.swift in Sources */,
				E895FE422AE12907001E2304 /* CellProvider.swift in Sources */,
				E87AC06C2AE05F52004FB6CF /* VehicleDetailType.swift in Sources */,
				E87AC00E2AE05EFB004FB6CF /* UITableViewCell.swift in Sources */,
				E87AC0082AE05EAE004FB6CF /* StringValueTableViewCell.swift in Sources */,
				E87AC0142AE05F14004FB6CF /* HttpClient.swift in Sources */,
				E87AC0532AE05F52004FB6CF /* CharacterListViewController.swift in Sources */,
				E82B105B2AE0605A00944071 /* Info.swift in Sources */,
				E87AC01C2AE05F22004FB6CF /* Planet.swift in Sources */,
				E87AC02D2AE05F31004FB6CF /* CharacterProvider.swift in Sources */,
				E87AC0682AE05F52004FB6CF /* StarshipDetailViewController.swift in Sources */,
				E87AC0702AE05F52004FB6CF /* VehicleDetailViewController.swift in Sources */,
				E87AC02E2AE05F31004FB6CF /* FilmProvider.swift in Sources */,
				E87ABFFB2AE05E0C004FB6CF /* LeftViewController.swift in Sources */,
				E87AC05A2AE05F52004FB6CF /* PlanetListViewController.swift in Sources */,
				E87AC0212AE05F22004FB6CF /* Starship.swift in Sources */,
				E85CADDE2AE058ED00E85763 /* SceneDelegate.swift in Sources */,
				E87AC0542AE05F52004FB6CF /* CharacterDetailViewController.swift in Sources */,
				E87AC0622AE05F52004FB6CF /* SpeciesListViewController.swift in Sources */,
				E87ABFF92AE05E0C004FB6CF /* CenterViewController.swift in Sources */,
				E87AC0122AE05EFB004FB6CF /* UINavigationController.swift in Sources */,
				E87AC06B2AE05F52004FB6CF /* StarshipDetailType.swift in Sources */,
				E87AC0672AE05F52004FB6CF /* StarshipListViewController.swift in Sources */,
				E87AC01D2AE05F22004FB6CF /* Species.swift in Sources */,
				E87AC01F2AE05F22004FB6CF /* Character.swift in Sources */,
			);
			runOnlyForDeploymentPostprocessing = 0;
		};
		E8D8C33B2AEC2556007584D7 /* Sources */ = {
			isa = PBXSourcesBuildPhase;
			buildActionMask = 2147483647;
			files = (
				E8D8C3442AEC2556007584D7 /* myIMDBUITestsLaunchTests.swift in Sources */,
				E8D8C3422AEC2556007584D7 /* baseUITests.swift in Sources */,
			);
			runOnlyForDeploymentPostprocessing = 0;
		};
		E8D8C3582AF03617007584D7 /* Sources */ = {
			isa = PBXSourcesBuildPhase;
			buildActionMask = 2147483647;
			files = (
				E8D8C3712AF1815F007584D7 /* Models_Test.swift in Sources */,
				E8D8C3672AF0368B007584D7 /* Formatter_Test.swift in Sources */,
				E8D8C3692AF03B4F007584D7 /* Int_Test.swift in Sources */,
				E8D8C36B2AF03D51007584D7 /* String_Test.swift in Sources */,
				E8D8C35F2AF03617007584D7 /* myIMDBTests.swift in Sources */,
			);
			runOnlyForDeploymentPostprocessing = 0;
		};
/* End PBXSourcesBuildPhase section */

/* Begin PBXTargetDependency section */
		E8D8C3462AEC2556007584D7 /* PBXTargetDependency */ = {
			isa = PBXTargetDependency;
			target = E85CADD72AE058ED00E85763 /* myIMDB */;
			targetProxy = E8D8C3452AEC2556007584D7 /* PBXContainerItemProxy */;
		};
		E8D8C3612AF03617007584D7 /* PBXTargetDependency */ = {
			isa = PBXTargetDependency;
			target = E85CADD72AE058ED00E85763 /* myIMDB */;
			targetProxy = E8D8C3602AF03617007584D7 /* PBXContainerItemProxy */;
		};
/* End PBXTargetDependency section */

/* Begin PBXVariantGroup section */
		E85CADE12AE058ED00E85763 /* Main.storyboard */ = {
			isa = PBXVariantGroup;
			children = (
				E85CADE22AE058ED00E85763 /* Base */,
			);
			name = Main.storyboard;
			sourceTree = "<group>";
		};
		E85CADE62AE058EE00E85763 /* LaunchScreen.storyboard */ = {
			isa = PBXVariantGroup;
			children = (
				E85CADE72AE058EE00E85763 /* Base */,
			);
			name = LaunchScreen.storyboard;
			sourceTree = "<group>";
		};
/* End PBXVariantGroup section */

/* Begin XCBuildConfiguration section */
		E85CADEA2AE058EE00E85763 /* Debug */ = {
			isa = XCBuildConfiguration;
			buildSettings = {
				ALWAYS_SEARCH_USER_PATHS = NO;
				ASSETCATALOG_COMPILER_GENERATE_SWIFT_ASSET_SYMBOL_EXTENSIONS = YES;
				CLANG_ANALYZER_NONNULL = YES;
				CLANG_ANALYZER_NUMBER_OBJECT_CONVERSION = YES_AGGRESSIVE;
				CLANG_CXX_LANGUAGE_STANDARD = "gnu++20";
				CLANG_ENABLE_MODULES = YES;
				CLANG_ENABLE_OBJC_ARC = YES;
				CLANG_ENABLE_OBJC_WEAK = YES;
				CLANG_WARN_BLOCK_CAPTURE_AUTORELEASING = YES;
				CLANG_WARN_BOOL_CONVERSION = YES;
				CLANG_WARN_COMMA = YES;
				CLANG_WARN_CONSTANT_CONVERSION = YES;
				CLANG_WARN_DEPRECATED_OBJC_IMPLEMENTATIONS = YES;
				CLANG_WARN_DIRECT_OBJC_ISA_USAGE = YES_ERROR;
				CLANG_WARN_DOCUMENTATION_COMMENTS = YES;
				CLANG_WARN_EMPTY_BODY = YES;
				CLANG_WARN_ENUM_CONVERSION = YES;
				CLANG_WARN_INFINITE_RECURSION = YES;
				CLANG_WARN_INT_CONVERSION = YES;
				CLANG_WARN_NON_LITERAL_NULL_CONVERSION = YES;
				CLANG_WARN_OBJC_IMPLICIT_RETAIN_SELF = YES;
				CLANG_WARN_OBJC_LITERAL_CONVERSION = YES;
				CLANG_WARN_OBJC_ROOT_CLASS = YES_ERROR;
				CLANG_WARN_QUOTED_INCLUDE_IN_FRAMEWORK_HEADER = YES;
				CLANG_WARN_RANGE_LOOP_ANALYSIS = YES;
				CLANG_WARN_STRICT_PROTOTYPES = YES;
				CLANG_WARN_SUSPICIOUS_MOVE = YES;
				CLANG_WARN_UNGUARDED_AVAILABILITY = YES_AGGRESSIVE;
				CLANG_WARN_UNREACHABLE_CODE = YES;
				CLANG_WARN__DUPLICATE_METHOD_MATCH = YES;
				COPY_PHASE_STRIP = NO;
				DEBUG_INFORMATION_FORMAT = dwarf;
				ENABLE_STRICT_OBJC_MSGSEND = YES;
				ENABLE_TESTABILITY = YES;
				ENABLE_USER_SCRIPT_SANDBOXING = YES;
				GCC_C_LANGUAGE_STANDARD = gnu17;
				GCC_DYNAMIC_NO_PIC = NO;
				GCC_NO_COMMON_BLOCKS = YES;
				GCC_OPTIMIZATION_LEVEL = 0;
				GCC_PREPROCESSOR_DEFINITIONS = (
					"DEBUG=1",
					"$(inherited)",
				);
				GCC_WARN_64_TO_32_BIT_CONVERSION = YES;
				GCC_WARN_ABOUT_RETURN_TYPE = YES_ERROR;
				GCC_WARN_UNDECLARED_SELECTOR = YES;
				GCC_WARN_UNINITIALIZED_AUTOS = YES_AGGRESSIVE;
				GCC_WARN_UNUSED_FUNCTION = YES;
				GCC_WARN_UNUSED_VARIABLE = YES;
				IPHONEOS_DEPLOYMENT_TARGET = 17.0;
				LOCALIZATION_PREFERS_STRING_CATALOGS = YES;
				MTL_ENABLE_DEBUG_INFO = INCLUDE_SOURCE;
				MTL_FAST_MATH = YES;
				ONLY_ACTIVE_ARCH = YES;
				SDKROOT = iphoneos;
				SWIFT_ACTIVE_COMPILATION_CONDITIONS = "DEBUG $(inherited)";
				SWIFT_OPTIMIZATION_LEVEL = "-Onone";
			};
			name = Debug;
		};
		E85CADEB2AE058EE00E85763 /* Release */ = {
			isa = XCBuildConfiguration;
			buildSettings = {
				ALWAYS_SEARCH_USER_PATHS = NO;
				ASSETCATALOG_COMPILER_GENERATE_SWIFT_ASSET_SYMBOL_EXTENSIONS = YES;
				CLANG_ANALYZER_NONNULL = YES;
				CLANG_ANALYZER_NUMBER_OBJECT_CONVERSION = YES_AGGRESSIVE;
				CLANG_CXX_LANGUAGE_STANDARD = "gnu++20";
				CLANG_ENABLE_MODULES = YES;
				CLANG_ENABLE_OBJC_ARC = YES;
				CLANG_ENABLE_OBJC_WEAK = YES;
				CLANG_WARN_BLOCK_CAPTURE_AUTORELEASING = YES;
				CLANG_WARN_BOOL_CONVERSION = YES;
				CLANG_WARN_COMMA = YES;
				CLANG_WARN_CONSTANT_CONVERSION = YES;
				CLANG_WARN_DEPRECATED_OBJC_IMPLEMENTATIONS = YES;
				CLANG_WARN_DIRECT_OBJC_ISA_USAGE = YES_ERROR;
				CLANG_WARN_DOCUMENTATION_COMMENTS = YES;
				CLANG_WARN_EMPTY_BODY = YES;
				CLANG_WARN_ENUM_CONVERSION = YES;
				CLANG_WARN_INFINITE_RECURSION = YES;
				CLANG_WARN_INT_CONVERSION = YES;
				CLANG_WARN_NON_LITERAL_NULL_CONVERSION = YES;
				CLANG_WARN_OBJC_IMPLICIT_RETAIN_SELF = YES;
				CLANG_WARN_OBJC_LITERAL_CONVERSION = YES;
				CLANG_WARN_OBJC_ROOT_CLASS = YES_ERROR;
				CLANG_WARN_QUOTED_INCLUDE_IN_FRAMEWORK_HEADER = YES;
				CLANG_WARN_RANGE_LOOP_ANALYSIS = YES;
				CLANG_WARN_STRICT_PROTOTYPES = YES;
				CLANG_WARN_SUSPICIOUS_MOVE = YES;
				CLANG_WARN_UNGUARDED_AVAILABILITY = YES_AGGRESSIVE;
				CLANG_WARN_UNREACHABLE_CODE = YES;
				CLANG_WARN__DUPLICATE_METHOD_MATCH = YES;
				COPY_PHASE_STRIP = NO;
				DEBUG_INFORMATION_FORMAT = "dwarf-with-dsym";
				ENABLE_NS_ASSERTIONS = NO;
				ENABLE_STRICT_OBJC_MSGSEND = YES;
				ENABLE_USER_SCRIPT_SANDBOXING = YES;
				GCC_C_LANGUAGE_STANDARD = gnu17;
				GCC_NO_COMMON_BLOCKS = YES;
				GCC_WARN_64_TO_32_BIT_CONVERSION = YES;
				GCC_WARN_ABOUT_RETURN_TYPE = YES_ERROR;
				GCC_WARN_UNDECLARED_SELECTOR = YES;
				GCC_WARN_UNINITIALIZED_AUTOS = YES_AGGRESSIVE;
				GCC_WARN_UNUSED_FUNCTION = YES;
				GCC_WARN_UNUSED_VARIABLE = YES;
				IPHONEOS_DEPLOYMENT_TARGET = 17.0;
				LOCALIZATION_PREFERS_STRING_CATALOGS = YES;
				MTL_ENABLE_DEBUG_INFO = NO;
				MTL_FAST_MATH = YES;
				SDKROOT = iphoneos;
				SWIFT_COMPILATION_MODE = wholemodule;
				VALIDATE_PRODUCT = YES;
			};
			name = Release;
		};
		E85CADED2AE058EE00E85763 /* Debug */ = {
			isa = XCBuildConfiguration;
			baseConfigurationReference = A63FF5B6ED6CB43965DD65A6 /* Pods-myIMDB.debug.xcconfig */;
			buildSettings = {
				ASSETCATALOG_COMPILER_APPICON_NAME = AppIcon;
				ASSETCATALOG_COMPILER_GLOBAL_ACCENT_COLOR_NAME = AccentColor;
				CODE_SIGN_STYLE = Automatic;
				CURRENT_PROJECT_VERSION = 1;
				DEVELOPMENT_TEAM = BSYGY3245J;
				ENABLE_USER_SCRIPT_SANDBOXING = NO;
				GENERATE_INFOPLIST_FILE = YES;
				INFOPLIST_FILE = myIMDB/Info.plist;
				INFOPLIST_KEY_UIApplicationSupportsIndirectInputEvents = YES;
				INFOPLIST_KEY_UILaunchStoryboardName = LaunchScreen;
				INFOPLIST_KEY_UIMainStoryboardFile = Main;
				INFOPLIST_KEY_UISupportedInterfaceOrientations_iPad = "UIInterfaceOrientationPortrait UIInterfaceOrientationPortraitUpsideDown UIInterfaceOrientationLandscapeLeft UIInterfaceOrientationLandscapeRight";
				INFOPLIST_KEY_UISupportedInterfaceOrientations_iPhone = "UIInterfaceOrientationPortrait UIInterfaceOrientationLandscapeLeft UIInterfaceOrientationLandscapeRight";
				IPHONEOS_DEPLOYMENT_TARGET = 15.0;
				LD_RUNPATH_SEARCH_PATHS = (
					"$(inherited)",
					"@executable_path/Frameworks",
				);
				MARKETING_VERSION = 1.0;
				PRODUCT_BUNDLE_IDENTIFIER = de.atHome.myIMDB;
				PRODUCT_NAME = "$(TARGET_NAME)";
				SWIFT_EMIT_LOC_STRINGS = YES;
				SWIFT_VERSION = 5.0;
				TARGETED_DEVICE_FAMILY = "1,2";
			};
			name = Debug;
		};
		E85CADEE2AE058EE00E85763 /* Release */ = {
			isa = XCBuildConfiguration;
			baseConfigurationReference = FAB1D7EE8A0BF1C88F6FB663 /* Pods-myIMDB.release.xcconfig */;
			buildSettings = {
				ASSETCATALOG_COMPILER_APPICON_NAME = AppIcon;
				ASSETCATALOG_COMPILER_GLOBAL_ACCENT_COLOR_NAME = AccentColor;
				CODE_SIGN_STYLE = Automatic;
				CURRENT_PROJECT_VERSION = 1;
				DEVELOPMENT_TEAM = BSYGY3245J;
				ENABLE_USER_SCRIPT_SANDBOXING = NO;
				GENERATE_INFOPLIST_FILE = YES;
				INFOPLIST_FILE = myIMDB/Info.plist;
				INFOPLIST_KEY_UIApplicationSupportsIndirectInputEvents = YES;
				INFOPLIST_KEY_UILaunchStoryboardName = LaunchScreen;
				INFOPLIST_KEY_UIMainStoryboardFile = Main;
				INFOPLIST_KEY_UISupportedInterfaceOrientations_iPad = "UIInterfaceOrientationPortrait UIInterfaceOrientationPortraitUpsideDown UIInterfaceOrientationLandscapeLeft UIInterfaceOrientationLandscapeRight";
				INFOPLIST_KEY_UISupportedInterfaceOrientations_iPhone = "UIInterfaceOrientationPortrait UIInterfaceOrientationLandscapeLeft UIInterfaceOrientationLandscapeRight";
				IPHONEOS_DEPLOYMENT_TARGET = 15.0;
				LD_RUNPATH_SEARCH_PATHS = (
					"$(inherited)",
					"@executable_path/Frameworks",
				);
				MARKETING_VERSION = 1.0;
				PRODUCT_BUNDLE_IDENTIFIER = de.atHome.myIMDB;
				PRODUCT_NAME = "$(TARGET_NAME)";
				SWIFT_EMIT_LOC_STRINGS = YES;
				SWIFT_VERSION = 5.0;
				TARGETED_DEVICE_FAMILY = "1,2";
			};
			name = Release;
		};
		E8D8C3482AEC2556007584D7 /* Debug */ = {
			isa = XCBuildConfiguration;
			buildSettings = {
				CODE_SIGN_STYLE = Automatic;
				CURRENT_PROJECT_VERSION = 1;
				DEVELOPMENT_TEAM = BSYGY3245J;
				GENERATE_INFOPLIST_FILE = YES;
				IPHONEOS_DEPLOYMENT_TARGET = 15.0;
				MARKETING_VERSION = 1.0;
				PRODUCT_BUNDLE_IDENTIFIER = de.atHome.myIMDBUITests;
				PRODUCT_NAME = "$(TARGET_NAME)";
				SWIFT_EMIT_LOC_STRINGS = NO;
				SWIFT_VERSION = 5.0;
				TARGETED_DEVICE_FAMILY = "1,2";
				TEST_TARGET_NAME = myIMDB;
			};
			name = Debug;
		};
		E8D8C3492AEC2556007584D7 /* Release */ = {
			isa = XCBuildConfiguration;
			buildSettings = {
				CODE_SIGN_STYLE = Automatic;
				CURRENT_PROJECT_VERSION = 1;
				DEVELOPMENT_TEAM = BSYGY3245J;
				GENERATE_INFOPLIST_FILE = YES;
				IPHONEOS_DEPLOYMENT_TARGET = 15.0;
				MARKETING_VERSION = 1.0;
				PRODUCT_BUNDLE_IDENTIFIER = de.atHome.myIMDBUITests;
				PRODUCT_NAME = "$(TARGET_NAME)";
				SWIFT_EMIT_LOC_STRINGS = NO;
				SWIFT_VERSION = 5.0;
				TARGETED_DEVICE_FAMILY = "1,2";
				TEST_TARGET_NAME = myIMDB;
			};
			name = Release;
		};
		E8D8C3632AF03617007584D7 /* Debug */ = {
			isa = XCBuildConfiguration;
			buildSettings = {
				BUNDLE_LOADER = "$(TEST_HOST)";
				CODE_SIGN_STYLE = Automatic;
				CURRENT_PROJECT_VERSION = 1;
				DEVELOPMENT_TEAM = BSYGY3245J;
				GENERATE_INFOPLIST_FILE = YES;
				IPHONEOS_DEPLOYMENT_TARGET = 15.0;
				MARKETING_VERSION = 1.0;
				PRODUCT_BUNDLE_IDENTIFIER = de.atHome.myIMDBTests;
				PRODUCT_NAME = "$(TARGET_NAME)";
				SWIFT_EMIT_LOC_STRINGS = NO;
				SWIFT_VERSION = 5.0;
				TARGETED_DEVICE_FAMILY = "1,2";
				TEST_HOST = "$(BUILT_PRODUCTS_DIR)/myIMDB.app/$(BUNDLE_EXECUTABLE_FOLDER_PATH)/myIMDB";
			};
			name = Debug;
		};
		E8D8C3642AF03617007584D7 /* Release */ = {
			isa = XCBuildConfiguration;
			buildSettings = {
				BUNDLE_LOADER = "$(TEST_HOST)";
				CODE_SIGN_STYLE = Automatic;
				CURRENT_PROJECT_VERSION = 1;
				DEVELOPMENT_TEAM = BSYGY3245J;
				GENERATE_INFOPLIST_FILE = YES;
				IPHONEOS_DEPLOYMENT_TARGET = 15.0;
				MARKETING_VERSION = 1.0;
				PRODUCT_BUNDLE_IDENTIFIER = de.atHome.myIMDBTests;
				PRODUCT_NAME = "$(TARGET_NAME)";
				SWIFT_EMIT_LOC_STRINGS = NO;
				SWIFT_VERSION = 5.0;
				TARGETED_DEVICE_FAMILY = "1,2";
				TEST_HOST = "$(BUILT_PRODUCTS_DIR)/myIMDB.app/$(BUNDLE_EXECUTABLE_FOLDER_PATH)/myIMDB";
			};
			name = Release;
		};
/* End XCBuildConfiguration section */

/* Begin XCConfigurationList section */
		E85CADD32AE058ED00E85763 /* Build configuration list for PBXProject "myIMDB" */ = {
			isa = XCConfigurationList;
			buildConfigurations = (
				E85CADEA2AE058EE00E85763 /* Debug */,
				E85CADEB2AE058EE00E85763 /* Release */,
			);
			defaultConfigurationIsVisible = 0;
			defaultConfigurationName = Release;
		};
		E85CADEC2AE058EE00E85763 /* Build configuration list for PBXNativeTarget "myIMDB" */ = {
			isa = XCConfigurationList;
			buildConfigurations = (
				E85CADED2AE058EE00E85763 /* Debug */,
				E85CADEE2AE058EE00E85763 /* Release */,
			);
			defaultConfigurationIsVisible = 0;
			defaultConfigurationName = Release;
		};
		E8D8C3472AEC2556007584D7 /* Build configuration list for PBXNativeTarget "myIMDBUITests" */ = {
			isa = XCConfigurationList;
			buildConfigurations = (
				E8D8C3482AEC2556007584D7 /* Debug */,
				E8D8C3492AEC2556007584D7 /* Release */,
			);
			defaultConfigurationIsVisible = 0;
			defaultConfigurationName = Release;
		};
		E8D8C3622AF03617007584D7 /* Build configuration list for PBXNativeTarget "myIMDBTests" */ = {
			isa = XCConfigurationList;
			buildConfigurations = (
				E8D8C3632AF03617007584D7 /* Debug */,
				E8D8C3642AF03617007584D7 /* Release */,
			);
			defaultConfigurationIsVisible = 0;
			defaultConfigurationName = Release;
		};
/* End XCConfigurationList section */
	};
	rootObject = E85CADD02AE058ED00E85763 /* Project object */;
}
