// !$*UTF8*$!
{
	archiveVersion = 1;
	classes = {
	};
	objectVersion = 56;
	objects = {

/* Begin PBXBuildFile section */
		0CA5119CC391F946766CE613 /* Pods_myIMDB.framework in Frameworks */ = {isa = PBXBuildFile; fileRef = C2D0F49CC0B263D3EA9D9151 /* Pods_myIMDB.framework */; };
		E85CADDC2AE058ED00E85763 /* AppDelegate.swift in Sources */ = {isa = PBXBuildFile; fileRef = E85CADDB2AE058ED00E85763 /* AppDelegate.swift */; };
		E85CADDE2AE058ED00E85763 /* SceneDelegate.swift in Sources */ = {isa = PBXBuildFile; fileRef = E85CADDD2AE058ED00E85763 /* SceneDelegate.swift */; };
		E85CADE02AE058ED00E85763 /* ViewController.swift in Sources */ = {isa = PBXBuildFile; fileRef = E85CADDF2AE058ED00E85763 /* ViewController.swift */; };
		E85CADE32AE058ED00E85763 /* Main.storyboard in Resources */ = {isa = PBXBuildFile; fileRef = E85CADE12AE058ED00E85763 /* Main.storyboard */; };
		E85CADE52AE058EE00E85763 /* Assets.xcassets in Resources */ = {isa = PBXBuildFile; fileRef = E85CADE42AE058EE00E85763 /* Assets.xcassets */; };
		E85CADE82AE058EE00E85763 /* LaunchScreen.storyboard in Resources */ = {isa = PBXBuildFile; fileRef = E85CADE62AE058EE00E85763 /* LaunchScreen.storyboard */; };
/* End PBXBuildFile section */

/* Begin PBXFileReference section */
		A63FF5B6ED6CB43965DD65A6 /* Pods-myIMDB.debug.xcconfig */ = {isa = PBXFileReference; includeInIndex = 1; lastKnownFileType = text.xcconfig; name = "Pods-myIMDB.debug.xcconfig"; path = "Target Support Files/Pods-myIMDB/Pods-myIMDB.debug.xcconfig"; sourceTree = "<group>"; };
		C2D0F49CC0B263D3EA9D9151 /* Pods_myIMDB.framework */ = {isa = PBXFileReference; explicitFileType = wrapper.framework; includeInIndex = 0; path = Pods_myIMDB.framework; sourceTree = BUILT_PRODUCTS_DIR; };
		E85CADD82AE058ED00E85763 /* myIMDB.app */ = {isa = PBXFileReference; explicitFileType = wrapper.application; includeInIndex = 0; path = myIMDB.app; sourceTree = BUILT_PRODUCTS_DIR; };
		E85CADDB2AE058ED00E85763 /* AppDelegate.swift */ = {isa = PBXFileReference; lastKnownFileType = sourcecode.swift; path = AppDelegate.swift; sourceTree = "<group>"; };
		E85CADDD2AE058ED00E85763 /* SceneDelegate.swift */ = {isa = PBXFileReference; lastKnownFileType = sourcecode.swift; path = SceneDelegate.swift; sourceTree = "<group>"; };
		E85CADDF2AE058ED00E85763 /* ViewController.swift */ = {isa = PBXFileReference; lastKnownFileType = sourcecode.swift; path = ViewController.swift; sourceTree = "<group>"; };
		E85CADE22AE058ED00E85763 /* Base */ = {isa = PBXFileReference; lastKnownFileType = file.storyboard; name = Base; path = Base.lproj/Main.storyboard; sourceTree = "<group>"; };
		E85CADE42AE058EE00E85763 /* Assets.xcassets */ = {isa = PBXFileReference; lastKnownFileType = folder.assetcatalog; path = Assets.xcassets; sourceTree = "<group>"; };
		E85CADE72AE058EE00E85763 /* Base */ = {isa = PBXFileReference; lastKnownFileType = file.storyboard; name = Base; path = Base.lproj/LaunchScreen.storyboard; sourceTree = "<group>"; };
		E85CADE92AE058EE00E85763 /* Info.plist */ = {isa = PBXFileReference; lastKnownFileType = text.plist.xml; path = Info.plist; sourceTree = "<group>"; };
		FAB1D7EE8A0BF1C88F6FB663 /* Pods-myIMDB.release.xcconfig */ = {isa = PBXFileReference; includeInIndex = 1; lastKnownFileType = text.xcconfig; name = "Pods-myIMDB.release.xcconfig"; path = "Target Support Files/Pods-myIMDB/Pods-myIMDB.release.xcconfig"; sourceTree = "<group>"; };
/* End PBXFileReference section */

/* Begin PBXFrameworksBuildPhase section */
		E85CADD52AE058ED00E85763 /* Frameworks */ = {
			isa = PBXFrameworksBuildPhase;
			buildActionMask = 2147483647;
			files = (
				0CA5119CC391F946766CE613 /* Pods_myIMDB.framework in Frameworks */,
			);
			runOnlyForDeploymentPostprocessing = 0;
		};
/* End PBXFrameworksBuildPhase section */

/* Begin PBXGroup section */
		35FD3080EA3C75D33F11507F /* Frameworks */ = {
			isa = PBXGroup;
			children = (
				C2D0F49CC0B263D3EA9D9151 /* Pods_myIMDB.framework */,
			);
			name = Frameworks;
			sourceTree = "<group>";
		};
		B1634919BAC187B8DA3D2492 /* Pods */ = {
			isa = PBXGroup;
			children = (
				A63FF5B6ED6CB43965DD65A6 /* Pods-myIMDB.debug.xcconfig */,
				FAB1D7EE8A0BF1C88F6FB663 /* Pods-myIMDB.release.xcconfig */,
			);
			name = Pods;
			path = Pods;
			sourceTree = "<group>";
		};
		E85CADCF2AE058ED00E85763 = {
			isa = PBXGroup;
			children = (
				E85CADDA2AE058ED00E85763 /* myIMDB */,
				E85CADD92AE058ED00E85763 /* Products */,
				B1634919BAC187B8DA3D2492 /* Pods */,
				35FD3080EA3C75D33F11507F /* Frameworks */,
			);
			sourceTree = "<group>";
		};
		E85CADD92AE058ED00E85763 /* Products */ = {
			isa = PBXGroup;
			children = (
				E85CADD82AE058ED00E85763 /* myIMDB.app */,
			);
			name = Products;
			sourceTree = "<group>";
		};
		E85CADDA2AE058ED00E85763 /* myIMDB */ = {
			isa = PBXGroup;
			children = (
				E85CADDB2AE058ED00E85763 /* AppDelegate.swift */,
				E85CADDD2AE058ED00E85763 /* SceneDelegate.swift */,
				E85CADDF2AE058ED00E85763 /* ViewController.swift */,
				E85CADE12AE058ED00E85763 /* Main.storyboard */,
				E85CADE42AE058EE00E85763 /* Assets.xcassets */,
				E85CADE62AE058EE00E85763 /* LaunchScreen.storyboard */,
				E85CADE92AE058EE00E85763 /* Info.plist */,
			);
			path = myIMDB;
			sourceTree = "<group>";
		};
/* End PBXGroup section */

/* Begin PBXNativeTarget section */
		E85CADD72AE058ED00E85763 /* myIMDB */ = {
			isa = PBXNativeTarget;
			buildConfigurationList = E85CADEC2AE058EE00E85763 /* Build configuration list for PBXNativeTarget "myIMDB" */;
			buildPhases = (
				57F8172FBD9A9A0C277109E8 /* [CP] Check Pods Manifest.lock */,
				E85CADD42AE058ED00E85763 /* Sources */,
				E85CADD52AE058ED00E85763 /* Frameworks */,
				E85CADD62AE058ED00E85763 /* Resources */,
				3F7DC2AD32B1AEEF1E118B5E /* [CP] Embed Pods Frameworks */,
			);
			buildRules = (
			);
			dependencies = (
			);
			name = myIMDB;
			productName = myIMDB;
			productReference = E85CADD82AE058ED00E85763 /* myIMDB.app */;
			productType = "com.apple.product-type.application";
		};
/* End PBXNativeTarget section */

/* Begin PBXProject section */
		E85CADD02AE058ED00E85763 /* Project object */ = {
			isa = PBXProject;
			attributes = {
				BuildIndependentTargetsInParallel = 1;
				LastSwiftUpdateCheck = 1500;
				LastUpgradeCheck = 1500;
				TargetAttributes = {
					E85CADD72AE058ED00E85763 = {
						CreatedOnToolsVersion = 15.0;
					};
				};
			};
			buildConfigurationList = E85CADD32AE058ED00E85763 /* Build configuration list for PBXProject "myIMDB" */;
			compatibilityVersion = "Xcode 14.0";
			developmentRegion = en;
			hasScannedForEncodings = 0;
			knownRegions = (
				en,
				Base,
			);
			mainGroup = E85CADCF2AE058ED00E85763;
			productRefGroup = E85CADD92AE058ED00E85763 /* Products */;
			projectDirPath = "";
			projectRoot = "";
			targets = (
				E85CADD72AE058ED00E85763 /* myIMDB */,
			);
		};
/* End PBXProject section */

/* Begin PBXResourcesBuildPhase section */
		E85CADD62AE058ED00E85763 /* Resources */ = {
			isa = PBXResourcesBuildPhase;
			buildActionMask = 2147483647;
			files = (
				E85CADE82AE058EE00E85763 /* LaunchScreen.storyboard in Resources */,
				E85CADE52AE058EE00E85763 /* Assets.xcassets in Resources */,
				E85CADE32AE058ED00E85763 /* Main.storyboard in Resources */,
			);
			runOnlyForDeploymentPostprocessing = 0;
		};
/* End PBXResourcesBuildPhase section */

/* Begin PBXShellScriptBuildPhase section */
		3F7DC2AD32B1AEEF1E118B5E /* [CP] Embed Pods Frameworks */ = {
			isa = PBXShellScriptBuildPhase;
			buildActionMask = 2147483647;
			files = (
			);
			inputFileListPaths = (
				"${PODS_ROOT}/Target Support Files/Pods-myIMDB/Pods-myIMDB-frameworks-${CONFIGURATION}-input-files.xcfilelist",
			);
			name = "[CP] Embed Pods Frameworks";
			outputFileListPaths = (
				"${PODS_ROOT}/Target Support Files/Pods-myIMDB/Pods-myIMDB-frameworks-${CONFIGURATION}-output-files.xcfilelist",
			);
			runOnlyForDeploymentPostprocessing = 0;
			shellPath = /bin/sh;
			shellScript = "\"${PODS_ROOT}/Target Support Files/Pods-myIMDB/Pods-myIMDB-frameworks.sh\"\n";
			showEnvVarsInLog = 0;
		};
		57F8172FBD9A9A0C277109E8 /* [CP] Check Pods Manifest.lock */ = {
			isa = PBXShellScriptBuildPhase;
			buildActionMask = 2147483647;
			files = (
			);
			inputFileListPaths = (
			);
			inputPaths = (
				"${PODS_PODFILE_DIR_PATH}/Podfile.lock",
				"${PODS_ROOT}/Manifest.lock",
			);
			name = "[CP] Check Pods Manifest.lock";
			outputFileListPaths = (
			);
			outputPaths = (
				"$(DERIVED_FILE_DIR)/Pods-myIMDB-checkManifestLockResult.txt",
			);
			runOnlyForDeploymentPostprocessing = 0;
			shellPath = /bin/sh;
			shellScript = "diff \"${PODS_PODFILE_DIR_PATH}/Podfile.lock\" \"${PODS_ROOT}/Manifest.lock\" > /dev/null\nif [ $? != 0 ] ; then\n    # print error to STDERR\n    echo \"error: The sandbox is not in sync with the Podfile.lock. Run 'pod install' or update your CocoaPods installation.\" >&2\n    exit 1\nfi\n# This output is used by Xcode 'outputs' to avoid re-running this script phase.\necho \"SUCCESS\" > \"${SCRIPT_OUTPUT_FILE_0}\"\n";
			showEnvVarsInLog = 0;
		};
/* End PBXShellScriptBuildPhase section */

/* Begin PBXSourcesBuildPhase section */
		E85CADD42AE058ED00E85763 /* Sources */ = {
			isa = PBXSourcesBuildPhase;
			buildActionMask = 2147483647;
			files = (
				E85CADE02AE058ED00E85763 /* ViewController.swift in Sources */,
				E85CADDC2AE058ED00E85763 /* AppDelegate.swift in Sources */,
				E85CADDE2AE058ED00E85763 /* SceneDelegate.swift in Sources */,
			);
			runOnlyForDeploymentPostprocessing = 0;
		};
/* End PBXSourcesBuildPhase section */

/* Begin PBXVariantGroup section */
		E85CADE12AE058ED00E85763 /* Main.storyboard */ = {
			isa = PBXVariantGroup;
			children = (
				E85CADE22AE058ED00E85763 /* Base */,
			);
			name = Main.storyboard;
			sourceTree = "<group>";
		};
		E85CADE62AE058EE00E85763 /* LaunchScreen.storyboard */ = {
			isa = PBXVariantGroup;
			children = (
				E85CADE72AE058EE00E85763 /* Base */,
			);
			name = LaunchScreen.storyboard;
			sourceTree = "<group>";
		};
/* End PBXVariantGroup section */

/* Begin XCBuildConfiguration section */
		E85CADEA2AE058EE00E85763 /* Debug */ = {
			isa = XCBuildConfiguration;
			buildSettings = {
				ALWAYS_SEARCH_USER_PATHS = NO;
				ASSETCATALOG_COMPILER_GENERATE_SWIFT_ASSET_SYMBOL_EXTENSIONS = YES;
				CLANG_ANALYZER_NONNULL = YES;
				CLANG_ANALYZER_NUMBER_OBJECT_CONVERSION = YES_AGGRESSIVE;
				CLANG_CXX_LANGUAGE_STANDARD = "gnu++20";
				CLANG_ENABLE_MODULES = YES;
				CLANG_ENABLE_OBJC_ARC = YES;
				CLANG_ENABLE_OBJC_WEAK = YES;
				CLANG_WARN_BLOCK_CAPTURE_AUTORELEASING = YES;
				CLANG_WARN_BOOL_CONVERSION = YES;
				CLANG_WARN_COMMA = YES;
				CLANG_WARN_CONSTANT_CONVERSION = YES;
				CLANG_WARN_DEPRECATED_OBJC_IMPLEMENTATIONS = YES;
				CLANG_WARN_DIRECT_OBJC_ISA_USAGE = YES_ERROR;
				CLANG_WARN_DOCUMENTATION_COMMENTS = YES;
				CLANG_WARN_EMPTY_BODY = YES;
				CLANG_WARN_ENUM_CONVERSION = YES;
				CLANG_WARN_INFINITE_RECURSION = YES;
				CLANG_WARN_INT_CONVERSION = YES;
				CLANG_WARN_NON_LITERAL_NULL_CONVERSION = YES;
				CLANG_WARN_OBJC_IMPLICIT_RETAIN_SELF = YES;
				CLANG_WARN_OBJC_LITERAL_CONVERSION = YES;
				CLANG_WARN_OBJC_ROOT_CLASS = YES_ERROR;
				CLANG_WARN_QUOTED_INCLUDE_IN_FRAMEWORK_HEADER = YES;
				CLANG_WARN_RANGE_LOOP_ANALYSIS = YES;
				CLANG_WARN_STRICT_PROTOTYPES = YES;
				CLANG_WARN_SUSPICIOUS_MOVE = YES;
				CLANG_WARN_UNGUARDED_AVAILABILITY = YES_AGGRESSIVE;
				CLANG_WARN_UNREACHABLE_CODE = YES;
				CLANG_WARN__DUPLICATE_METHOD_MATCH = YES;
				COPY_PHASE_STRIP = NO;
				DEBUG_INFORMATION_FORMAT = dwarf;
				ENABLE_STRICT_OBJC_MSGSEND = YES;
				ENABLE_TESTABILITY = YES;
				ENABLE_USER_SCRIPT_SANDBOXING = YES;
				GCC_C_LANGUAGE_STANDARD = gnu17;
				GCC_DYNAMIC_NO_PIC = NO;
				GCC_NO_COMMON_BLOCKS = YES;
				GCC_OPTIMIZATION_LEVEL = 0;
				GCC_PREPROCESSOR_DEFINITIONS = (
					"DEBUG=1",
					"$(inherited)",
				);
				GCC_WARN_64_TO_32_BIT_CONVERSION = YES;
				GCC_WARN_ABOUT_RETURN_TYPE = YES_ERROR;
				GCC_WARN_UNDECLARED_SELECTOR = YES;
				GCC_WARN_UNINITIALIZED_AUTOS = YES_AGGRESSIVE;
				GCC_WARN_UNUSED_FUNCTION = YES;
				GCC_WARN_UNUSED_VARIABLE = YES;
				IPHONEOS_DEPLOYMENT_TARGET = 17.0;
				LOCALIZATION_PREFERS_STRING_CATALOGS = YES;
				MTL_ENABLE_DEBUG_INFO = INCLUDE_SOURCE;
				MTL_FAST_MATH = YES;
				ONLY_ACTIVE_ARCH = YES;
				SDKROOT = iphoneos;
				SWIFT_ACTIVE_COMPILATION_CONDITIONS = "DEBUG $(inherited)";
				SWIFT_OPTIMIZATION_LEVEL = "-Onone";
			};
			name = Debug;
		};
		E85CADEB2AE058EE00E85763 /* Release */ = {
			isa = XCBuildConfiguration;
			buildSettings = {
				ALWAYS_SEARCH_USER_PATHS = NO;
				ASSETCATALOG_COMPILER_GENERATE_SWIFT_ASSET_SYMBOL_EXTENSIONS = YES;
				CLANG_ANALYZER_NONNULL = YES;
				CLANG_ANALYZER_NUMBER_OBJECT_CONVERSION = YES_AGGRESSIVE;
				CLANG_CXX_LANGUAGE_STANDARD = "gnu++20";
				CLANG_ENABLE_MODULES = YES;
				CLANG_ENABLE_OBJC_ARC = YES;
				CLANG_ENABLE_OBJC_WEAK = YES;
				CLANG_WARN_BLOCK_CAPTURE_AUTORELEASING = YES;
				CLANG_WARN_BOOL_CONVERSION = YES;
				CLANG_WARN_COMMA = YES;
				CLANG_WARN_CONSTANT_CONVERSION = YES;
				CLANG_WARN_DEPRECATED_OBJC_IMPLEMENTATIONS = YES;
				CLANG_WARN_DIRECT_OBJC_ISA_USAGE = YES_ERROR;
				CLANG_WARN_DOCUMENTATION_COMMENTS = YES;
				CLANG_WARN_EMPTY_BODY = YES;
				CLANG_WARN_ENUM_CONVERSION = YES;
				CLANG_WARN_INFINITE_RECURSION = YES;
				CLANG_WARN_INT_CONVERSION = YES;
				CLANG_WARN_NON_LITERAL_NULL_CONVERSION = YES;
				CLANG_WARN_OBJC_IMPLICIT_RETAIN_SELF = YES;
				CLANG_WARN_OBJC_LITERAL_CONVERSION = YES;
				CLANG_WARN_OBJC_ROOT_CLASS = YES_ERROR;
				CLANG_WARN_QUOTED_INCLUDE_IN_FRAMEWORK_HEADER = YES;
				CLANG_WARN_RANGE_LOOP_ANALYSIS = YES;
				CLANG_WARN_STRICT_PROTOTYPES = YES;
				CLANG_WARN_SUSPICIOUS_MOVE = YES;
				CLANG_WARN_UNGUARDED_AVAILABILITY = YES_AGGRESSIVE;
				CLANG_WARN_UNREACHABLE_CODE = YES;
				CLANG_WARN__DUPLICATE_METHOD_MATCH = YES;
				COPY_PHASE_STRIP = NO;
				DEBUG_INFORMATION_FORMAT = "dwarf-with-dsym";
				ENABLE_NS_ASSERTIONS = NO;
				ENABLE_STRICT_OBJC_MSGSEND = YES;
				ENABLE_USER_SCRIPT_SANDBOXING = YES;
				GCC_C_LANGUAGE_STANDARD = gnu17;
				GCC_NO_COMMON_BLOCKS = YES;
				GCC_WARN_64_TO_32_BIT_CONVERSION = YES;
				GCC_WARN_ABOUT_RETURN_TYPE = YES_ERROR;
				GCC_WARN_UNDECLARED_SELECTOR = YES;
				GCC_WARN_UNINITIALIZED_AUTOS = YES_AGGRESSIVE;
				GCC_WARN_UNUSED_FUNCTION = YES;
				GCC_WARN_UNUSED_VARIABLE = YES;
				IPHONEOS_DEPLOYMENT_TARGET = 17.0;
				LOCALIZATION_PREFERS_STRING_CATALOGS = YES;
				MTL_ENABLE_DEBUG_INFO = NO;
				MTL_FAST_MATH = YES;
				SDKROOT = iphoneos;
				SWIFT_COMPILATION_MODE = wholemodule;
				VALIDATE_PRODUCT = YES;
			};
			name = Release;
		};
		E85CADED2AE058EE00E85763 /* Debug */ = {
			isa = XCBuildConfiguration;
			baseConfigurationReference = A63FF5B6ED6CB43965DD65A6 /* Pods-myIMDB.debug.xcconfig */;
			buildSettings = {
				ASSETCATALOG_COMPILER_APPICON_NAME = AppIcon;
				ASSETCATALOG_COMPILER_GLOBAL_ACCENT_COLOR_NAME = AccentColor;
				CODE_SIGN_STYLE = Automatic;
				CURRENT_PROJECT_VERSION = 1;
				DEVELOPMENT_TEAM = BSYGY3245J;
				GENERATE_INFOPLIST_FILE = YES;
				INFOPLIST_FILE = myIMDB/Info.plist;
				INFOPLIST_KEY_UIApplicationSupportsIndirectInputEvents = YES;
				INFOPLIST_KEY_UILaunchStoryboardName = LaunchScreen;
				INFOPLIST_KEY_UIMainStoryboardFile = Main;
				INFOPLIST_KEY_UISupportedInterfaceOrientations_iPad = "UIInterfaceOrientationPortrait UIInterfaceOrientationPortraitUpsideDown UIInterfaceOrientationLandscapeLeft UIInterfaceOrientationLandscapeRight";
				INFOPLIST_KEY_UISupportedInterfaceOrientations_iPhone = "UIInterfaceOrientationPortrait UIInterfaceOrientationLandscapeLeft UIInterfaceOrientationLandscapeRight";
				LD_RUNPATH_SEARCH_PATHS = (
					"$(inherited)",
					"@executable_path/Frameworks",
				);
				MARKETING_VERSION = 1.0;
				PRODUCT_BUNDLE_IDENTIFIER = de.atHome.myIMDB;
				PRODUCT_NAME = "$(TARGET_NAME)";
				SWIFT_EMIT_LOC_STRINGS = YES;
				SWIFT_VERSION = 5.0;
				TARGETED_DEVICE_FAMILY = "1,2";
			};
			name = Debug;
		};
		E85CADEE2AE058EE00E85763 /* Release */ = {
			isa = XCBuildConfiguration;
			baseConfigurationReference = FAB1D7EE8A0BF1C88F6FB663 /* Pods-myIMDB.release.xcconfig */;
			buildSettings = {
				ASSETCATALOG_COMPILER_APPICON_NAME = AppIcon;
				ASSETCATALOG_COMPILER_GLOBAL_ACCENT_COLOR_NAME = AccentColor;
				CODE_SIGN_STYLE = Automatic;
				CURRENT_PROJECT_VERSION = 1;
				DEVELOPMENT_TEAM = BSYGY3245J;
				GENERATE_INFOPLIST_FILE = YES;
				INFOPLIST_FILE = myIMDB/Info.plist;
				INFOPLIST_KEY_UIApplicationSupportsIndirectInputEvents = YES;
				INFOPLIST_KEY_UILaunchStoryboardName = LaunchScreen;
				INFOPLIST_KEY_UIMainStoryboardFile = Main;
				INFOPLIST_KEY_UISupportedInterfaceOrientations_iPad = "UIInterfaceOrientationPortrait UIInterfaceOrientationPortraitUpsideDown UIInterfaceOrientationLandscapeLeft UIInterfaceOrientationLandscapeRight";
				INFOPLIST_KEY_UISupportedInterfaceOrientations_iPhone = "UIInterfaceOrientationPortrait UIInterfaceOrientationLandscapeLeft UIInterfaceOrientationLandscapeRight";
				LD_RUNPATH_SEARCH_PATHS = (
					"$(inherited)",
					"@executable_path/Frameworks",
				);
				MARKETING_VERSION = 1.0;
				PRODUCT_BUNDLE_IDENTIFIER = de.atHome.myIMDB;
				PRODUCT_NAME = "$(TARGET_NAME)";
				SWIFT_EMIT_LOC_STRINGS = YES;
				SWIFT_VERSION = 5.0;
				TARGETED_DEVICE_FAMILY = "1,2";
			};
			name = Release;
		};
/* End XCBuildConfiguration section */

/* Begin XCConfigurationList section */
		E85CADD32AE058ED00E85763 /* Build configuration list for PBXProject "myIMDB" */ = {
			isa = XCConfigurationList;
			buildConfigurations = (
				E85CADEA2AE058EE00E85763 /* Debug */,
				E85CADEB2AE058EE00E85763 /* Release */,
			);
			defaultConfigurationIsVisible = 0;
			defaultConfigurationName = Release;
		};
		E85CADEC2AE058EE00E85763 /* Build configuration list for PBXNativeTarget "myIMDB" */ = {
			isa = XCConfigurationList;
			buildConfigurations = (
				E85CADED2AE058EE00E85763 /* Debug */,
				E85CADEE2AE058EE00E85763 /* Release */,
			);
			defaultConfigurationIsVisible = 0;
			defaultConfigurationName = Release;
		};
/* End XCConfigurationList section */
	};
	rootObject = E85CADD02AE058ED00E85763 /* Project object */;
}
